// !$*UTF8*$!
{
	archiveVersion = 1;
	classes = {
	};
	objectVersion = 50;
	objects = {

/* Begin PBXBuildFile section */
		35FD0B92264E765C00BB0968 /* rAthena.h in Headers */ = {isa = PBXBuildFile; fileRef = 35FD0B90264E765C00BB0968 /* rAthena.h */; settings = {ATTRIBUTES = (Public, ); }; };
		35FD0E6F264E79BF00BB0968 /* scanner.c in Sources */ = {isa = PBXBuildFile; fileRef = 35FD0D88264E79BE00BB0968 /* scanner.c */; };
		35FD0E70264E79BF00BB0968 /* strbuf.h in Headers */ = {isa = PBXBuildFile; fileRef = 35FD0D89264E79BE00BB0968 /* strbuf.h */; };
		35FD0E73264E79BF00BB0968 /* parsectx.h in Headers */ = {isa = PBXBuildFile; fileRef = 35FD0D8C264E79BE00BB0968 /* parsectx.h */; };
		35FD0E74264E79BF00BB0968 /* grammar.c in Sources */ = {isa = PBXBuildFile; fileRef = 35FD0D8D264E79BE00BB0968 /* grammar.c */; };
		35FD0E75264E79BF00BB0968 /* libconfig.h in Headers */ = {isa = PBXBuildFile; fileRef = 35FD0D8E264E79BE00BB0968 /* libconfig.h */; };
		35FD0E76264E79BF00BB0968 /* scanctx.c in Sources */ = {isa = PBXBuildFile; fileRef = 35FD0D8F264E79BE00BB0968 /* scanctx.c */; };
		35FD0E78264E79BF00BB0968 /* strbuf.c in Sources */ = {isa = PBXBuildFile; fileRef = 35FD0D91264E79BE00BB0968 /* strbuf.c */; };
		35FD0E79264E79BF00BB0968 /* scanner.h in Headers */ = {isa = PBXBuildFile; fileRef = 35FD0D92264E79BE00BB0968 /* scanner.h */; };
		35FD0E7A264E79BF00BB0968 /* grammar.h in Headers */ = {isa = PBXBuildFile; fileRef = 35FD0D93264E79BE00BB0968 /* grammar.h */; };
		35FD0E7C264E79BF00BB0968 /* scanctx.h in Headers */ = {isa = PBXBuildFile; fileRef = 35FD0D95264E79BE00BB0968 /* scanctx.h */; };
		35FD0E7D264E79BF00BB0968 /* libconfig.c in Sources */ = {isa = PBXBuildFile; fileRef = 35FD0D96264E79BE00BB0968 /* libconfig.c */; };
		35FD0E7F264E79BF00BB0968 /* wincompat.h in Headers */ = {isa = PBXBuildFile; fileRef = 35FD0D98264E79BE00BB0968 /* wincompat.h */; };
		35FD0F4E264E7EF200BB0968 /* cbasetypes.hpp in Headers */ = {isa = PBXBuildFile; fileRef = 35FD0F4D264E7EF200BB0968 /* cbasetypes.hpp */; };
		35FD1022264E808F00BB0968 /* traits.h in Headers */ = {isa = PBXBuildFile; fileRef = 35FD0FC0264E808F00BB0968 /* traits.h */; };
		35FD1023264E808F00BB0968 /* eventhandler.h in Headers */ = {isa = PBXBuildFile; fileRef = 35FD0FC1264E808F00BB0968 /* eventhandler.h */; };
		35FD1024264E808F00BB0968 /* emitter.h in Headers */ = {isa = PBXBuildFile; fileRef = 35FD0FC2264E808F00BB0968 /* emitter.h */; };
		35FD1025264E808F00BB0968 /* anchor.h in Headers */ = {isa = PBXBuildFile; fileRef = 35FD0FC3264E808F00BB0968 /* anchor.h */; };
		35FD1026264E808F00BB0968 /* mark.h in Headers */ = {isa = PBXBuildFile; fileRef = 35FD0FC4264E808F00BB0968 /* mark.h */; };
		35FD1027264E808F00BB0968 /* emitterdef.h in Headers */ = {isa = PBXBuildFile; fileRef = 35FD0FC5264E808F00BB0968 /* emitterdef.h */; };
		35FD1028264E808F00BB0968 /* parser.h in Headers */ = {isa = PBXBuildFile; fileRef = 35FD0FC6264E808F00BB0968 /* parser.h */; };
		35FD1029264E808F00BB0968 /* null.h in Headers */ = {isa = PBXBuildFile; fileRef = 35FD0FC7264E808F00BB0968 /* null.h */; };
		35FD102A264E808F00BB0968 /* exceptions.h in Headers */ = {isa = PBXBuildFile; fileRef = 35FD0FC8264E808F00BB0968 /* exceptions.h */; };
		35FD102B264E808F00BB0968 /* emitterstyle.h in Headers */ = {isa = PBXBuildFile; fileRef = 35FD0FC9264E808F00BB0968 /* emitterstyle.h */; };
		35FD102C264E808F00BB0968 /* emittermanip.h in Headers */ = {isa = PBXBuildFile; fileRef = 35FD0FCA264E808F00BB0968 /* emittermanip.h */; };
		35FD102D264E808F00BB0968 /* emitfromevents.h in Headers */ = {isa = PBXBuildFile; fileRef = 35FD0FCB264E808F00BB0968 /* emitfromevents.h */; };
		35FD102E264E808F00BB0968 /* dll.h in Headers */ = {isa = PBXBuildFile; fileRef = 35FD0FCC264E808F00BB0968 /* dll.h */; };
		35FD102F264E808F00BB0968 /* graphbuilder.h in Headers */ = {isa = PBXBuildFile; fileRef = 35FD0FCE264E808F00BB0968 /* graphbuilder.h */; };
		35FD1030264E808F00BB0968 /* anchordict.h in Headers */ = {isa = PBXBuildFile; fileRef = 35FD0FCF264E808F00BB0968 /* anchordict.h */; };
		35FD1031264E808F00BB0968 /* noncopyable.h in Headers */ = {isa = PBXBuildFile; fileRef = 35FD0FD0264E808F00BB0968 /* noncopyable.h */; };
		35FD1032264E808F00BB0968 /* yaml.h in Headers */ = {isa = PBXBuildFile; fileRef = 35FD0FD1264E808F00BB0968 /* yaml.h */; };
		35FD1033264E808F00BB0968 /* type.h in Headers */ = {isa = PBXBuildFile; fileRef = 35FD0FD3264E808F00BB0968 /* type.h */; };
		35FD1034264E809000BB0968 /* parse.h in Headers */ = {isa = PBXBuildFile; fileRef = 35FD0FD4264E808F00BB0968 /* parse.h */; };
		35FD1035264E809000BB0968 /* node.h in Headers */ = {isa = PBXBuildFile; fileRef = 35FD0FD5264E808F00BB0968 /* node.h */; };
		35FD1036264E809000BB0968 /* node_data.h in Headers */ = {isa = PBXBuildFile; fileRef = 35FD0FD7264E808F00BB0968 /* node_data.h */; };
		35FD1037264E809000BB0968 /* node_ref.h in Headers */ = {isa = PBXBuildFile; fileRef = 35FD0FD8264E808F00BB0968 /* node_ref.h */; };
		35FD1038264E809000BB0968 /* node.h in Headers */ = {isa = PBXBuildFile; fileRef = 35FD0FD9264E808F00BB0968 /* node.h */; };
		35FD1039264E809000BB0968 /* bool_type.h in Headers */ = {isa = PBXBuildFile; fileRef = 35FD0FDA264E808F00BB0968 /* bool_type.h */; };
		35FD103A264E809000BB0968 /* memory.h in Headers */ = {isa = PBXBuildFile; fileRef = 35FD0FDB264E808F00BB0968 /* memory.h */; };
		35FD103B264E809000BB0968 /* node_iterator.h in Headers */ = {isa = PBXBuildFile; fileRef = 35FD0FDC264E808F00BB0968 /* node_iterator.h */; };
		35FD103C264E809000BB0968 /* impl.h in Headers */ = {isa = PBXBuildFile; fileRef = 35FD0FDD264E808F00BB0968 /* impl.h */; };
		35FD103D264E809000BB0968 /* iterator_fwd.h in Headers */ = {isa = PBXBuildFile; fileRef = 35FD0FDE264E808F00BB0968 /* iterator_fwd.h */; };
		35FD103E264E809000BB0968 /* iterator.h in Headers */ = {isa = PBXBuildFile; fileRef = 35FD0FDF264E808F00BB0968 /* iterator.h */; };
		35FD103F264E809000BB0968 /* ptr.h in Headers */ = {isa = PBXBuildFile; fileRef = 35FD0FE0264E808F00BB0968 /* ptr.h */; };
		35FD1040264E809000BB0968 /* convert.h in Headers */ = {isa = PBXBuildFile; fileRef = 35FD0FE1264E808F00BB0968 /* convert.h */; };
		35FD1041264E809000BB0968 /* impl.h in Headers */ = {isa = PBXBuildFile; fileRef = 35FD0FE2264E808F00BB0968 /* impl.h */; };
		35FD1042264E809000BB0968 /* emit.h in Headers */ = {isa = PBXBuildFile; fileRef = 35FD0FE3264E808F00BB0968 /* emit.h */; };
		35FD1043264E809000BB0968 /* iterator.h in Headers */ = {isa = PBXBuildFile; fileRef = 35FD0FE4264E808F00BB0968 /* iterator.h */; };
		35FD1044264E809000BB0968 /* ostream_wrapper.h in Headers */ = {isa = PBXBuildFile; fileRef = 35FD0FE5264E808F00BB0968 /* ostream_wrapper.h */; };
		35FD1045264E809000BB0968 /* stlemitter.h in Headers */ = {isa = PBXBuildFile; fileRef = 35FD0FE6264E808F00BB0968 /* stlemitter.h */; };
		35FD1046264E809000BB0968 /* binary.h in Headers */ = {isa = PBXBuildFile; fileRef = 35FD0FE7264E808F00BB0968 /* binary.h */; };
		35FD1048264E809000BB0968 /* scanscalar.h in Headers */ = {isa = PBXBuildFile; fileRef = 35FD0FEA264E808F00BB0968 /* scanscalar.h */; };
		35FD1049264E809000BB0968 /* exceptions.cpp in Sources */ = {isa = PBXBuildFile; fileRef = 35FD0FEB264E808F00BB0968 /* exceptions.cpp */; };
		35FD104A264E809000BB0968 /* memory.cpp in Sources */ = {isa = PBXBuildFile; fileRef = 35FD0FEC264E808F00BB0968 /* memory.cpp */; };
		35FD104B264E809000BB0968 /* scantag.h in Headers */ = {isa = PBXBuildFile; fileRef = 35FD0FED264E808F00BB0968 /* scantag.h */; };
		35FD104C264E809000BB0968 /* regeximpl.h in Headers */ = {isa = PBXBuildFile; fileRef = 35FD0FEE264E808F00BB0968 /* regeximpl.h */; };
		35FD104D264E809000BB0968 /* ostream_wrapper.cpp in Sources */ = {isa = PBXBuildFile; fileRef = 35FD0FEF264E808F00BB0968 /* ostream_wrapper.cpp */; };
		35FD104E264E809000BB0968 /* tag.h in Headers */ = {isa = PBXBuildFile; fileRef = 35FD0FF0264E808F00BB0968 /* tag.h */; };
		35FD104F264E809000BB0968 /* emitfromevents.cpp in Sources */ = {isa = PBXBuildFile; fileRef = 35FD0FF1264E808F00BB0968 /* emitfromevents.cpp */; };
		35FD1050264E809000BB0968 /* simplekey.cpp in Sources */ = {isa = PBXBuildFile; fileRef = 35FD0FF2264E808F00BB0968 /* simplekey.cpp */; };
		35FD1051264E809000BB0968 /* parse.cpp in Sources */ = {isa = PBXBuildFile; fileRef = 35FD0FF3264E808F00BB0968 /* parse.cpp */; };
		35FD1052264E809000BB0968 /* indentation.h in Headers */ = {isa = PBXBuildFile; fileRef = 35FD0FF4264E808F00BB0968 /* indentation.h */; };
		35FD1053264E809000BB0968 /* emitter.cpp in Sources */ = {isa = PBXBuildFile; fileRef = 35FD0FF5264E808F00BB0968 /* emitter.cpp */; };
		35FD1054264E809000BB0968 /* nodeevents.h in Headers */ = {isa = PBXBuildFile; fileRef = 35FD0FF6264E808F00BB0968 /* nodeevents.h */; };
		35FD1055264E809000BB0968 /* convert.cpp in Sources */ = {isa = PBXBuildFile; fileRef = 35FD0FF7264E808F00BB0968 /* convert.cpp */; };
		35FD1056264E809000BB0968 /* regex_yaml.cpp in Sources */ = {isa = PBXBuildFile; fileRef = 35FD0FF8264E808F00BB0968 /* regex_yaml.cpp */; };
		35FD1057264E809000BB0968 /* scanscalar.cpp in Sources */ = {isa = PBXBuildFile; fileRef = 35FD0FF9264E808F00BB0968 /* scanscalar.cpp */; };
		35FD1058264E809000BB0968 /* exp.cpp in Sources */ = {isa = PBXBuildFile; fileRef = 35FD0FFA264E808F00BB0968 /* exp.cpp */; };
		35FD1059264E809000BB0968 /* null.cpp in Sources */ = {isa = PBXBuildFile; fileRef = 35FD0FFB264E808F00BB0968 /* null.cpp */; };
		35FD105A264E809000BB0968 /* node.cpp in Sources */ = {isa = PBXBuildFile; fileRef = 35FD0FFC264E808F00BB0968 /* node.cpp */; };
		35FD105B264E809000BB0968 /* singledocparser.cpp in Sources */ = {isa = PBXBuildFile; fileRef = 35FD0FFD264E808F00BB0968 /* singledocparser.cpp */; };
		35FD105C264E809000BB0968 /* emitterutils.h in Headers */ = {isa = PBXBuildFile; fileRef = 35FD0FFE264E808F00BB0968 /* emitterutils.h */; };
		35FD105D264E809000BB0968 /* binary.cpp in Sources */ = {isa = PBXBuildFile; fileRef = 35FD0FFF264E808F00BB0968 /* binary.cpp */; };
		35FD105E264E809000BB0968 /* stream.h in Headers */ = {isa = PBXBuildFile; fileRef = 35FD1000264E808F00BB0968 /* stream.h */; };
		35FD105F264E809000BB0968 /* nodeevents.cpp in Sources */ = {isa = PBXBuildFile; fileRef = 35FD1001264E808F00BB0968 /* nodeevents.cpp */; };
		35FD1060264E809000BB0968 /* graphbuilderadapter.cpp in Sources */ = {isa = PBXBuildFile; fileRef = 35FD1003264E808F00BB0968 /* graphbuilderadapter.cpp */; };
		35FD1061264E809000BB0968 /* graphbuilder.cpp in Sources */ = {isa = PBXBuildFile; fileRef = 35FD1004264E808F00BB0968 /* graphbuilder.cpp */; };
		35FD1062264E809000BB0968 /* graphbuilderadapter.h in Headers */ = {isa = PBXBuildFile; fileRef = 35FD1005264E808F00BB0968 /* graphbuilderadapter.h */; };
		35FD1063264E809000BB0968 /* nodebuilder.h in Headers */ = {isa = PBXBuildFile; fileRef = 35FD1006264E808F00BB0968 /* nodebuilder.h */; };
		35FD1064264E809000BB0968 /* scanner.cpp in Sources */ = {isa = PBXBuildFile; fileRef = 35FD1007264E808F00BB0968 /* scanner.cpp */; };
		35FD1065264E809000BB0968 /* emit.cpp in Sources */ = {isa = PBXBuildFile; fileRef = 35FD1008264E808F00BB0968 /* emit.cpp */; };
		35FD1066264E809000BB0968 /* tag.cpp in Sources */ = {isa = PBXBuildFile; fileRef = 35FD1009264E808F00BB0968 /* tag.cpp */; };
		35FD1067264E809000BB0968 /* streamcharsource.h in Headers */ = {isa = PBXBuildFile; fileRef = 35FD100A264E808F00BB0968 /* streamcharsource.h */; };
		35FD1068264E809000BB0968 /* stringsource.h in Headers */ = {isa = PBXBuildFile; fileRef = 35FD100B264E808F00BB0968 /* stringsource.h */; };
		35FD1069264E809000BB0968 /* emitterutils.cpp in Sources */ = {isa = PBXBuildFile; fileRef = 35FD100C264E808F00BB0968 /* emitterutils.cpp */; };
		35FD106A264E809000BB0968 /* scanner.h in Headers */ = {isa = PBXBuildFile; fileRef = 35FD100D264E808F00BB0968 /* scanner.h */; };
		35FD106B264E809000BB0968 /* stream.cpp in Sources */ = {isa = PBXBuildFile; fileRef = 35FD100E264E808F00BB0968 /* stream.cpp */; };
		35FD106C264E809000BB0968 /* scantag.cpp in Sources */ = {isa = PBXBuildFile; fileRef = 35FD100F264E808F00BB0968 /* scantag.cpp */; };
		35FD106D264E809000BB0968 /* scantoken.cpp in Sources */ = {isa = PBXBuildFile; fileRef = 35FD1010264E808F00BB0968 /* scantoken.cpp */; };
		35FD106E264E809000BB0968 /* emitterstate.h in Headers */ = {isa = PBXBuildFile; fileRef = 35FD1011264E808F00BB0968 /* emitterstate.h */; };
		35FD106F264E809000BB0968 /* nodebuilder.cpp in Sources */ = {isa = PBXBuildFile; fileRef = 35FD1012264E808F00BB0968 /* nodebuilder.cpp */; };
		35FD1070264E809000BB0968 /* collectionstack.h in Headers */ = {isa = PBXBuildFile; fileRef = 35FD1013264E808F00BB0968 /* collectionstack.h */; };
		35FD1071264E809000BB0968 /* directives.cpp in Sources */ = {isa = PBXBuildFile; fileRef = 35FD1014264E808F00BB0968 /* directives.cpp */; };
		35FD1072264E809000BB0968 /* ptr_vector.h in Headers */ = {isa = PBXBuildFile; fileRef = 35FD1015264E808F00BB0968 /* ptr_vector.h */; };
		35FD1073264E809000BB0968 /* singledocparser.h in Headers */ = {isa = PBXBuildFile; fileRef = 35FD1016264E808F00BB0968 /* singledocparser.h */; };
		35FD1074264E809000BB0968 /* exp.h in Headers */ = {isa = PBXBuildFile; fileRef = 35FD1017264E808F00BB0968 /* exp.h */; };
		35FD1075264E809000BB0968 /* token.h in Headers */ = {isa = PBXBuildFile; fileRef = 35FD1018264E808F00BB0968 /* token.h */; };
		35FD1076264E809000BB0968 /* regex_yaml.h in Headers */ = {isa = PBXBuildFile; fileRef = 35FD1019264E808F00BB0968 /* regex_yaml.h */; };
		35FD1077264E809000BB0968 /* node_data.cpp in Sources */ = {isa = PBXBuildFile; fileRef = 35FD101A264E808F00BB0968 /* node_data.cpp */; };
		35FD1078264E809000BB0968 /* emitterstate.cpp in Sources */ = {isa = PBXBuildFile; fileRef = 35FD101B264E808F00BB0968 /* emitterstate.cpp */; };
		35FD1079264E809000BB0968 /* parser.cpp in Sources */ = {isa = PBXBuildFile; fileRef = 35FD101C264E808F00BB0968 /* parser.cpp */; };
		35FD107A264E809000BB0968 /* setting.h in Headers */ = {isa = PBXBuildFile; fileRef = 35FD101D264E808F00BB0968 /* setting.h */; };
		35FD107B264E809000BB0968 /* directives.h in Headers */ = {isa = PBXBuildFile; fileRef = 35FD101E264E808F00BB0968 /* directives.h */; };
		35FD10B5264E81EC00BB0968 /* mapindex.hpp in Headers */ = {isa = PBXBuildFile; fileRef = 35FD1082264E81E600BB0968 /* mapindex.hpp */; };
		35FD10B7264E81EC00BB0968 /* nullpo.cpp in Sources */ = {isa = PBXBuildFile; fileRef = 35FD1084264E81E600BB0968 /* nullpo.cpp */; };
		35FD10B8264E81EC00BB0968 /* strlib.hpp in Headers */ = {isa = PBXBuildFile; fileRef = 35FD1085264E81E600BB0968 /* strlib.hpp */; };
		35FD10B9264E81EC00BB0968 /* utils.cpp in Sources */ = {isa = PBXBuildFile; fileRef = 35FD1086264E81E600BB0968 /* utils.cpp */; };
		35FD10BA264E81EC00BB0968 /* utils.hpp in Headers */ = {isa = PBXBuildFile; fileRef = 35FD1087264E81E600BB0968 /* utils.hpp */; };
		35FD10BB264E81EC00BB0968 /* mmo.hpp in Headers */ = {isa = PBXBuildFile; fileRef = 35FD1088264E81E600BB0968 /* mmo.hpp */; };
		35FD10BC264E81EC00BB0968 /* socket.hpp in Headers */ = {isa = PBXBuildFile; fileRef = 35FD1089264E81E700BB0968 /* socket.hpp */; };
		35FD10BD264E81EC00BB0968 /* malloc.hpp in Headers */ = {isa = PBXBuildFile; fileRef = 35FD108A264E81E700BB0968 /* malloc.hpp */; };
		35FD10BE264E81EC00BB0968 /* malloc.cpp in Sources */ = {isa = PBXBuildFile; fileRef = 35FD108B264E81E700BB0968 /* malloc.cpp */; };
		35FD10BF264E81EC00BB0968 /* grfio.cpp in Sources */ = {isa = PBXBuildFile; fileRef = 35FD108C264E81E700BB0968 /* grfio.cpp */; };
		35FD10C0264E81EC00BB0968 /* core.cpp in Sources */ = {isa = PBXBuildFile; fileRef = 35FD108D264E81E700BB0968 /* core.cpp */; };
		35FD10C1264E81EC00BB0968 /* des.cpp in Sources */ = {isa = PBXBuildFile; fileRef = 35FD108E264E81E700BB0968 /* des.cpp */; };
		35FD10C2264E81EC00BB0968 /* showmsg.cpp in Sources */ = {isa = PBXBuildFile; fileRef = 35FD108F264E81E700BB0968 /* showmsg.cpp */; };
		35FD10C3264E81EC00BB0968 /* database.hpp in Headers */ = {isa = PBXBuildFile; fileRef = 35FD1090264E81E700BB0968 /* database.hpp */; };
		35FD10C4264E81EC00BB0968 /* nullpo.hpp in Headers */ = {isa = PBXBuildFile; fileRef = 35FD1091264E81E800BB0968 /* nullpo.hpp */; };
		35FD10C6264E81EC00BB0968 /* cli.hpp in Headers */ = {isa = PBXBuildFile; fileRef = 35FD1093264E81E800BB0968 /* cli.hpp */; };
		35FD10C8264E81EC00BB0968 /* md5calc.hpp in Headers */ = {isa = PBXBuildFile; fileRef = 35FD1095264E81E800BB0968 /* md5calc.hpp */; };
		35FD10CA264E81EC00BB0968 /* socket.cpp in Sources */ = {isa = PBXBuildFile; fileRef = 35FD1097264E81E800BB0968 /* socket.cpp */; };
		35FD10CB264E81EC00BB0968 /* msg_conf.cpp in Sources */ = {isa = PBXBuildFile; fileRef = 35FD1098264E81E800BB0968 /* msg_conf.cpp */; };
		35FD10CC264E81EC00BB0968 /* msg_conf.hpp in Headers */ = {isa = PBXBuildFile; fileRef = 35FD1099264E81E900BB0968 /* msg_conf.hpp */; };
		35FD10CD264E81EC00BB0968 /* timer.cpp in Sources */ = {isa = PBXBuildFile; fileRef = 35FD109A264E81E900BB0968 /* timer.cpp */; };
		35FD10CE264E81EC00BB0968 /* mapindex.cpp in Sources */ = {isa = PBXBuildFile; fileRef = 35FD109B264E81E900BB0968 /* mapindex.cpp */; };
		35FD10CF264E81EC00BB0968 /* strlib.cpp in Sources */ = {isa = PBXBuildFile; fileRef = 35FD109C264E81E900BB0968 /* strlib.cpp */; };
		35FD10D1264E81ED00BB0968 /* showmsg.hpp in Headers */ = {isa = PBXBuildFile; fileRef = 35FD109E264E81E900BB0968 /* showmsg.hpp */; };
		35FD10D2264E81ED00BB0968 /* utilities.hpp in Headers */ = {isa = PBXBuildFile; fileRef = 35FD109F264E81E900BB0968 /* utilities.hpp */; };
		35FD10D3264E81ED00BB0968 /* ers.cpp in Sources */ = {isa = PBXBuildFile; fileRef = 35FD10A0264E81E900BB0968 /* ers.cpp */; };
		35FD10D4264E81ED00BB0968 /* sql.hpp in Headers */ = {isa = PBXBuildFile; fileRef = 35FD10A1264E81EA00BB0968 /* sql.hpp */; };
		35FD10D5264E81ED00BB0968 /* conf.cpp in Sources */ = {isa = PBXBuildFile; fileRef = 35FD10A2264E81EA00BB0968 /* conf.cpp */; };
		35FD10D6264E81ED00BB0968 /* timer.hpp in Headers */ = {isa = PBXBuildFile; fileRef = 35FD10A3264E81EA00BB0968 /* timer.hpp */; };
		35FD10D7264E81ED00BB0968 /* db.hpp in Headers */ = {isa = PBXBuildFile; fileRef = 35FD10A4264E81EA00BB0968 /* db.hpp */; };
		35FD10D8264E81ED00BB0968 /* md5calc.cpp in Sources */ = {isa = PBXBuildFile; fileRef = 35FD10A5264E81EA00BB0968 /* md5calc.cpp */; };
		35FD10D9264E81ED00BB0968 /* grfio.hpp in Headers */ = {isa = PBXBuildFile; fileRef = 35FD10A6264E81EA00BB0968 /* grfio.hpp */; };
		35FD10DA264E81ED00BB0968 /* db.cpp in Sources */ = {isa = PBXBuildFile; fileRef = 35FD10A7264E81EA00BB0968 /* db.cpp */; };
		35FD10DD264E81ED00BB0968 /* ers.hpp in Headers */ = {isa = PBXBuildFile; fileRef = 35FD10AA264E81EB00BB0968 /* ers.hpp */; };
		35FD10DE264E81ED00BB0968 /* cli.cpp in Sources */ = {isa = PBXBuildFile; fileRef = 35FD10AB264E81EB00BB0968 /* cli.cpp */; };
		35FD10DF264E81ED00BB0968 /* des.hpp in Headers */ = {isa = PBXBuildFile; fileRef = 35FD10AC264E81EB00BB0968 /* des.hpp */; };
		35FD10E0264E81ED00BB0968 /* random.hpp in Headers */ = {isa = PBXBuildFile; fileRef = 35FD10AD264E81EB00BB0968 /* random.hpp */; };
		35FD10E3264E81ED00BB0968 /* core.hpp in Headers */ = {isa = PBXBuildFile; fileRef = 35FD10B0264E81EC00BB0968 /* core.hpp */; };
		35FD10E4264E81ED00BB0968 /* random.cpp in Sources */ = {isa = PBXBuildFile; fileRef = 35FD10B1264E81EC00BB0968 /* random.cpp */; };
		35FD10E5264E81ED00BB0968 /* database.cpp in Sources */ = {isa = PBXBuildFile; fileRef = 35FD10B2264E81EC00BB0968 /* database.cpp */; };
		35FD10E6264E81ED00BB0968 /* utilities.cpp in Sources */ = {isa = PBXBuildFile; fileRef = 35FD10B3264E81EC00BB0968 /* utilities.cpp */; };
		35FD10E7264E81ED00BB0968 /* conf.hpp in Headers */ = {isa = PBXBuildFile; fileRef = 35FD10B4264E81EC00BB0968 /* conf.hpp */; };
		35FD10F4265203B200BB0968 /* libz.tbd in Frameworks */ = {isa = PBXBuildFile; fileRef = 35FD10EF2652031400BB0968 /* libz.tbd */; };
/* End PBXBuildFile section */

/* Begin PBXFileReference section */
		35FD0B8D264E765C00BB0968 /* rAthena.framework */ = {isa = PBXFileReference; explicitFileType = wrapper.framework; includeInIndex = 0; path = rAthena.framework; sourceTree = BUILT_PRODUCTS_DIR; };
		35FD0B90264E765C00BB0968 /* rAthena.h */ = {isa = PBXFileReference; lastKnownFileType = sourcecode.c.h; path = rAthena.h; sourceTree = "<group>"; };
		35FD0B91264E765C00BB0968 /* Info.plist */ = {isa = PBXFileReference; lastKnownFileType = text.plist.xml; path = Info.plist; sourceTree = "<group>"; };
		35FD0D88264E79BE00BB0968 /* scanner.c */ = {isa = PBXFileReference; fileEncoding = 4; lastKnownFileType = sourcecode.c.c; path = scanner.c; sourceTree = "<group>"; };
		35FD0D89264E79BE00BB0968 /* strbuf.h */ = {isa = PBXFileReference; fileEncoding = 4; lastKnownFileType = sourcecode.c.h; path = strbuf.h; sourceTree = "<group>"; };
		35FD0D8C264E79BE00BB0968 /* parsectx.h */ = {isa = PBXFileReference; fileEncoding = 4; lastKnownFileType = sourcecode.c.h; path = parsectx.h; sourceTree = "<group>"; };
		35FD0D8D264E79BE00BB0968 /* grammar.c */ = {isa = PBXFileReference; fileEncoding = 4; lastKnownFileType = sourcecode.c.c; path = grammar.c; sourceTree = "<group>"; };
		35FD0D8E264E79BE00BB0968 /* libconfig.h */ = {isa = PBXFileReference; fileEncoding = 4; lastKnownFileType = sourcecode.c.h; path = libconfig.h; sourceTree = "<group>"; };
		35FD0D8F264E79BE00BB0968 /* scanctx.c */ = {isa = PBXFileReference; fileEncoding = 4; lastKnownFileType = sourcecode.c.c; path = scanctx.c; sourceTree = "<group>"; };
		35FD0D91264E79BE00BB0968 /* strbuf.c */ = {isa = PBXFileReference; fileEncoding = 4; lastKnownFileType = sourcecode.c.c; path = strbuf.c; sourceTree = "<group>"; };
		35FD0D92264E79BE00BB0968 /* scanner.h */ = {isa = PBXFileReference; fileEncoding = 4; lastKnownFileType = sourcecode.c.h; path = scanner.h; sourceTree = "<group>"; };
		35FD0D93264E79BE00BB0968 /* grammar.h */ = {isa = PBXFileReference; fileEncoding = 4; lastKnownFileType = sourcecode.c.h; path = grammar.h; sourceTree = "<group>"; };
		35FD0D95264E79BE00BB0968 /* scanctx.h */ = {isa = PBXFileReference; fileEncoding = 4; lastKnownFileType = sourcecode.c.h; path = scanctx.h; sourceTree = "<group>"; };
		35FD0D96264E79BE00BB0968 /* libconfig.c */ = {isa = PBXFileReference; fileEncoding = 4; lastKnownFileType = sourcecode.c.c; path = libconfig.c; sourceTree = "<group>"; };
		35FD0D98264E79BE00BB0968 /* wincompat.h */ = {isa = PBXFileReference; fileEncoding = 4; lastKnownFileType = sourcecode.c.h; path = wincompat.h; sourceTree = "<group>"; };
		35FD0F4D264E7EF200BB0968 /* cbasetypes.hpp */ = {isa = PBXFileReference; fileEncoding = 4; lastKnownFileType = sourcecode.cpp.h; path = cbasetypes.hpp; sourceTree = "<group>"; };
		35FD0FC0264E808F00BB0968 /* traits.h */ = {isa = PBXFileReference; fileEncoding = 4; lastKnownFileType = sourcecode.c.h; path = traits.h; sourceTree = "<group>"; };
		35FD0FC1264E808F00BB0968 /* eventhandler.h */ = {isa = PBXFileReference; fileEncoding = 4; lastKnownFileType = sourcecode.c.h; path = eventhandler.h; sourceTree = "<group>"; };
		35FD0FC2264E808F00BB0968 /* emitter.h */ = {isa = PBXFileReference; fileEncoding = 4; lastKnownFileType = sourcecode.c.h; path = emitter.h; sourceTree = "<group>"; };
		35FD0FC3264E808F00BB0968 /* anchor.h */ = {isa = PBXFileReference; fileEncoding = 4; lastKnownFileType = sourcecode.c.h; path = anchor.h; sourceTree = "<group>"; };
		35FD0FC4264E808F00BB0968 /* mark.h */ = {isa = PBXFileReference; fileEncoding = 4; lastKnownFileType = sourcecode.c.h; path = mark.h; sourceTree = "<group>"; };
		35FD0FC5264E808F00BB0968 /* emitterdef.h */ = {isa = PBXFileReference; fileEncoding = 4; lastKnownFileType = sourcecode.c.h; path = emitterdef.h; sourceTree = "<group>"; };
		35FD0FC6264E808F00BB0968 /* parser.h */ = {isa = PBXFileReference; fileEncoding = 4; lastKnownFileType = sourcecode.c.h; path = parser.h; sourceTree = "<group>"; };
		35FD0FC7264E808F00BB0968 /* null.h */ = {isa = PBXFileReference; fileEncoding = 4; lastKnownFileType = sourcecode.c.h; path = null.h; sourceTree = "<group>"; };
		35FD0FC8264E808F00BB0968 /* exceptions.h */ = {isa = PBXFileReference; fileEncoding = 4; lastKnownFileType = sourcecode.c.h; path = exceptions.h; sourceTree = "<group>"; };
		35FD0FC9264E808F00BB0968 /* emitterstyle.h */ = {isa = PBXFileReference; fileEncoding = 4; lastKnownFileType = sourcecode.c.h; path = emitterstyle.h; sourceTree = "<group>"; };
		35FD0FCA264E808F00BB0968 /* emittermanip.h */ = {isa = PBXFileReference; fileEncoding = 4; lastKnownFileType = sourcecode.c.h; path = emittermanip.h; sourceTree = "<group>"; };
		35FD0FCB264E808F00BB0968 /* emitfromevents.h */ = {isa = PBXFileReference; fileEncoding = 4; lastKnownFileType = sourcecode.c.h; path = emitfromevents.h; sourceTree = "<group>"; };
		35FD0FCC264E808F00BB0968 /* dll.h */ = {isa = PBXFileReference; fileEncoding = 4; lastKnownFileType = sourcecode.c.h; path = dll.h; sourceTree = "<group>"; };
		35FD0FCE264E808F00BB0968 /* graphbuilder.h */ = {isa = PBXFileReference; fileEncoding = 4; lastKnownFileType = sourcecode.c.h; path = graphbuilder.h; sourceTree = "<group>"; };
		35FD0FCF264E808F00BB0968 /* anchordict.h */ = {isa = PBXFileReference; fileEncoding = 4; lastKnownFileType = sourcecode.c.h; path = anchordict.h; sourceTree = "<group>"; };
		35FD0FD0264E808F00BB0968 /* noncopyable.h */ = {isa = PBXFileReference; fileEncoding = 4; lastKnownFileType = sourcecode.c.h; path = noncopyable.h; sourceTree = "<group>"; };
		35FD0FD1264E808F00BB0968 /* yaml.h */ = {isa = PBXFileReference; fileEncoding = 4; lastKnownFileType = sourcecode.c.h; path = yaml.h; sourceTree = "<group>"; };
		35FD0FD3264E808F00BB0968 /* type.h */ = {isa = PBXFileReference; fileEncoding = 4; lastKnownFileType = sourcecode.c.h; path = type.h; sourceTree = "<group>"; };
		35FD0FD4264E808F00BB0968 /* parse.h */ = {isa = PBXFileReference; fileEncoding = 4; lastKnownFileType = sourcecode.c.h; path = parse.h; sourceTree = "<group>"; };
		35FD0FD5264E808F00BB0968 /* node.h */ = {isa = PBXFileReference; fileEncoding = 4; lastKnownFileType = sourcecode.c.h; path = node.h; sourceTree = "<group>"; };
		35FD0FD7264E808F00BB0968 /* node_data.h */ = {isa = PBXFileReference; fileEncoding = 4; lastKnownFileType = sourcecode.c.h; path = node_data.h; sourceTree = "<group>"; };
		35FD0FD8264E808F00BB0968 /* node_ref.h */ = {isa = PBXFileReference; fileEncoding = 4; lastKnownFileType = sourcecode.c.h; path = node_ref.h; sourceTree = "<group>"; };
		35FD0FD9264E808F00BB0968 /* node.h */ = {isa = PBXFileReference; fileEncoding = 4; lastKnownFileType = sourcecode.c.h; path = node.h; sourceTree = "<group>"; };
		35FD0FDA264E808F00BB0968 /* bool_type.h */ = {isa = PBXFileReference; fileEncoding = 4; lastKnownFileType = sourcecode.c.h; path = bool_type.h; sourceTree = "<group>"; };
		35FD0FDB264E808F00BB0968 /* memory.h */ = {isa = PBXFileReference; fileEncoding = 4; lastKnownFileType = sourcecode.c.h; path = memory.h; sourceTree = "<group>"; };
		35FD0FDC264E808F00BB0968 /* node_iterator.h */ = {isa = PBXFileReference; fileEncoding = 4; lastKnownFileType = sourcecode.c.h; path = node_iterator.h; sourceTree = "<group>"; };
		35FD0FDD264E808F00BB0968 /* impl.h */ = {isa = PBXFileReference; fileEncoding = 4; lastKnownFileType = sourcecode.c.h; path = impl.h; sourceTree = "<group>"; };
		35FD0FDE264E808F00BB0968 /* iterator_fwd.h */ = {isa = PBXFileReference; fileEncoding = 4; lastKnownFileType = sourcecode.c.h; path = iterator_fwd.h; sourceTree = "<group>"; };
		35FD0FDF264E808F00BB0968 /* iterator.h */ = {isa = PBXFileReference; fileEncoding = 4; lastKnownFileType = sourcecode.c.h; path = iterator.h; sourceTree = "<group>"; };
		35FD0FE0264E808F00BB0968 /* ptr.h */ = {isa = PBXFileReference; fileEncoding = 4; lastKnownFileType = sourcecode.c.h; path = ptr.h; sourceTree = "<group>"; };
		35FD0FE1264E808F00BB0968 /* convert.h */ = {isa = PBXFileReference; fileEncoding = 4; lastKnownFileType = sourcecode.c.h; path = convert.h; sourceTree = "<group>"; };
		35FD0FE2264E808F00BB0968 /* impl.h */ = {isa = PBXFileReference; fileEncoding = 4; lastKnownFileType = sourcecode.c.h; path = impl.h; sourceTree = "<group>"; };
		35FD0FE3264E808F00BB0968 /* emit.h */ = {isa = PBXFileReference; fileEncoding = 4; lastKnownFileType = sourcecode.c.h; path = emit.h; sourceTree = "<group>"; };
		35FD0FE4264E808F00BB0968 /* iterator.h */ = {isa = PBXFileReference; fileEncoding = 4; lastKnownFileType = sourcecode.c.h; path = iterator.h; sourceTree = "<group>"; };
		35FD0FE5264E808F00BB0968 /* ostream_wrapper.h */ = {isa = PBXFileReference; fileEncoding = 4; lastKnownFileType = sourcecode.c.h; path = ostream_wrapper.h; sourceTree = "<group>"; };
		35FD0FE6264E808F00BB0968 /* stlemitter.h */ = {isa = PBXFileReference; fileEncoding = 4; lastKnownFileType = sourcecode.c.h; path = stlemitter.h; sourceTree = "<group>"; };
		35FD0FE7264E808F00BB0968 /* binary.h */ = {isa = PBXFileReference; fileEncoding = 4; lastKnownFileType = sourcecode.c.h; path = binary.h; sourceTree = "<group>"; };
		35FD0FEA264E808F00BB0968 /* scanscalar.h */ = {isa = PBXFileReference; fileEncoding = 4; lastKnownFileType = sourcecode.c.h; path = scanscalar.h; sourceTree = "<group>"; };
		35FD0FEB264E808F00BB0968 /* exceptions.cpp */ = {isa = PBXFileReference; fileEncoding = 4; lastKnownFileType = sourcecode.cpp.cpp; path = exceptions.cpp; sourceTree = "<group>"; };
		35FD0FEC264E808F00BB0968 /* memory.cpp */ = {isa = PBXFileReference; fileEncoding = 4; lastKnownFileType = sourcecode.cpp.cpp; path = memory.cpp; sourceTree = "<group>"; };
		35FD0FED264E808F00BB0968 /* scantag.h */ = {isa = PBXFileReference; fileEncoding = 4; lastKnownFileType = sourcecode.c.h; path = scantag.h; sourceTree = "<group>"; };
		35FD0FEE264E808F00BB0968 /* regeximpl.h */ = {isa = PBXFileReference; fileEncoding = 4; lastKnownFileType = sourcecode.c.h; path = regeximpl.h; sourceTree = "<group>"; };
		35FD0FEF264E808F00BB0968 /* ostream_wrapper.cpp */ = {isa = PBXFileReference; fileEncoding = 4; lastKnownFileType = sourcecode.cpp.cpp; path = ostream_wrapper.cpp; sourceTree = "<group>"; };
		35FD0FF0264E808F00BB0968 /* tag.h */ = {isa = PBXFileReference; fileEncoding = 4; lastKnownFileType = sourcecode.c.h; path = tag.h; sourceTree = "<group>"; };
		35FD0FF1264E808F00BB0968 /* emitfromevents.cpp */ = {isa = PBXFileReference; fileEncoding = 4; lastKnownFileType = sourcecode.cpp.cpp; path = emitfromevents.cpp; sourceTree = "<group>"; };
		35FD0FF2264E808F00BB0968 /* simplekey.cpp */ = {isa = PBXFileReference; fileEncoding = 4; lastKnownFileType = sourcecode.cpp.cpp; path = simplekey.cpp; sourceTree = "<group>"; };
		35FD0FF3264E808F00BB0968 /* parse.cpp */ = {isa = PBXFileReference; fileEncoding = 4; lastKnownFileType = sourcecode.cpp.cpp; path = parse.cpp; sourceTree = "<group>"; };
		35FD0FF4264E808F00BB0968 /* indentation.h */ = {isa = PBXFileReference; fileEncoding = 4; lastKnownFileType = sourcecode.c.h; path = indentation.h; sourceTree = "<group>"; };
		35FD0FF5264E808F00BB0968 /* emitter.cpp */ = {isa = PBXFileReference; fileEncoding = 4; lastKnownFileType = sourcecode.cpp.cpp; path = emitter.cpp; sourceTree = "<group>"; };
		35FD0FF6264E808F00BB0968 /* nodeevents.h */ = {isa = PBXFileReference; fileEncoding = 4; lastKnownFileType = sourcecode.c.h; path = nodeevents.h; sourceTree = "<group>"; };
		35FD0FF7264E808F00BB0968 /* convert.cpp */ = {isa = PBXFileReference; fileEncoding = 4; lastKnownFileType = sourcecode.cpp.cpp; path = convert.cpp; sourceTree = "<group>"; };
		35FD0FF8264E808F00BB0968 /* regex_yaml.cpp */ = {isa = PBXFileReference; fileEncoding = 4; lastKnownFileType = sourcecode.cpp.cpp; path = regex_yaml.cpp; sourceTree = "<group>"; };
		35FD0FF9264E808F00BB0968 /* scanscalar.cpp */ = {isa = PBXFileReference; fileEncoding = 4; lastKnownFileType = sourcecode.cpp.cpp; path = scanscalar.cpp; sourceTree = "<group>"; };
		35FD0FFA264E808F00BB0968 /* exp.cpp */ = {isa = PBXFileReference; fileEncoding = 4; lastKnownFileType = sourcecode.cpp.cpp; path = exp.cpp; sourceTree = "<group>"; };
		35FD0FFB264E808F00BB0968 /* null.cpp */ = {isa = PBXFileReference; fileEncoding = 4; lastKnownFileType = sourcecode.cpp.cpp; path = null.cpp; sourceTree = "<group>"; };
		35FD0FFC264E808F00BB0968 /* node.cpp */ = {isa = PBXFileReference; fileEncoding = 4; lastKnownFileType = sourcecode.cpp.cpp; path = node.cpp; sourceTree = "<group>"; };
		35FD0FFD264E808F00BB0968 /* singledocparser.cpp */ = {isa = PBXFileReference; fileEncoding = 4; lastKnownFileType = sourcecode.cpp.cpp; path = singledocparser.cpp; sourceTree = "<group>"; };
		35FD0FFE264E808F00BB0968 /* emitterutils.h */ = {isa = PBXFileReference; fileEncoding = 4; lastKnownFileType = sourcecode.c.h; path = emitterutils.h; sourceTree = "<group>"; };
		35FD0FFF264E808F00BB0968 /* binary.cpp */ = {isa = PBXFileReference; fileEncoding = 4; lastKnownFileType = sourcecode.cpp.cpp; path = binary.cpp; sourceTree = "<group>"; };
		35FD1000264E808F00BB0968 /* stream.h */ = {isa = PBXFileReference; fileEncoding = 4; lastKnownFileType = sourcecode.c.h; path = stream.h; sourceTree = "<group>"; };
		35FD1001264E808F00BB0968 /* nodeevents.cpp */ = {isa = PBXFileReference; fileEncoding = 4; lastKnownFileType = sourcecode.cpp.cpp; path = nodeevents.cpp; sourceTree = "<group>"; };
		35FD1003264E808F00BB0968 /* graphbuilderadapter.cpp */ = {isa = PBXFileReference; fileEncoding = 4; lastKnownFileType = sourcecode.cpp.cpp; path = graphbuilderadapter.cpp; sourceTree = "<group>"; };
		35FD1004264E808F00BB0968 /* graphbuilder.cpp */ = {isa = PBXFileReference; fileEncoding = 4; lastKnownFileType = sourcecode.cpp.cpp; path = graphbuilder.cpp; sourceTree = "<group>"; };
		35FD1005264E808F00BB0968 /* graphbuilderadapter.h */ = {isa = PBXFileReference; fileEncoding = 4; lastKnownFileType = sourcecode.c.h; path = graphbuilderadapter.h; sourceTree = "<group>"; };
		35FD1006264E808F00BB0968 /* nodebuilder.h */ = {isa = PBXFileReference; fileEncoding = 4; lastKnownFileType = sourcecode.c.h; path = nodebuilder.h; sourceTree = "<group>"; };
		35FD1007264E808F00BB0968 /* scanner.cpp */ = {isa = PBXFileReference; fileEncoding = 4; lastKnownFileType = sourcecode.cpp.cpp; path = scanner.cpp; sourceTree = "<group>"; };
		35FD1008264E808F00BB0968 /* emit.cpp */ = {isa = PBXFileReference; fileEncoding = 4; lastKnownFileType = sourcecode.cpp.cpp; path = emit.cpp; sourceTree = "<group>"; };
		35FD1009264E808F00BB0968 /* tag.cpp */ = {isa = PBXFileReference; fileEncoding = 4; lastKnownFileType = sourcecode.cpp.cpp; path = tag.cpp; sourceTree = "<group>"; };
		35FD100A264E808F00BB0968 /* streamcharsource.h */ = {isa = PBXFileReference; fileEncoding = 4; lastKnownFileType = sourcecode.c.h; path = streamcharsource.h; sourceTree = "<group>"; };
		35FD100B264E808F00BB0968 /* stringsource.h */ = {isa = PBXFileReference; fileEncoding = 4; lastKnownFileType = sourcecode.c.h; path = stringsource.h; sourceTree = "<group>"; };
		35FD100C264E808F00BB0968 /* emitterutils.cpp */ = {isa = PBXFileReference; fileEncoding = 4; lastKnownFileType = sourcecode.cpp.cpp; path = emitterutils.cpp; sourceTree = "<group>"; };
		35FD100D264E808F00BB0968 /* scanner.h */ = {isa = PBXFileReference; fileEncoding = 4; lastKnownFileType = sourcecode.c.h; path = scanner.h; sourceTree = "<group>"; };
		35FD100E264E808F00BB0968 /* stream.cpp */ = {isa = PBXFileReference; fileEncoding = 4; lastKnownFileType = sourcecode.cpp.cpp; path = stream.cpp; sourceTree = "<group>"; };
		35FD100F264E808F00BB0968 /* scantag.cpp */ = {isa = PBXFileReference; fileEncoding = 4; lastKnownFileType = sourcecode.cpp.cpp; path = scantag.cpp; sourceTree = "<group>"; };
		35FD1010264E808F00BB0968 /* scantoken.cpp */ = {isa = PBXFileReference; fileEncoding = 4; lastKnownFileType = sourcecode.cpp.cpp; path = scantoken.cpp; sourceTree = "<group>"; };
		35FD1011264E808F00BB0968 /* emitterstate.h */ = {isa = PBXFileReference; fileEncoding = 4; lastKnownFileType = sourcecode.c.h; path = emitterstate.h; sourceTree = "<group>"; };
		35FD1012264E808F00BB0968 /* nodebuilder.cpp */ = {isa = PBXFileReference; fileEncoding = 4; lastKnownFileType = sourcecode.cpp.cpp; path = nodebuilder.cpp; sourceTree = "<group>"; };
		35FD1013264E808F00BB0968 /* collectionstack.h */ = {isa = PBXFileReference; fileEncoding = 4; lastKnownFileType = sourcecode.c.h; path = collectionstack.h; sourceTree = "<group>"; };
		35FD1014264E808F00BB0968 /* directives.cpp */ = {isa = PBXFileReference; fileEncoding = 4; lastKnownFileType = sourcecode.cpp.cpp; path = directives.cpp; sourceTree = "<group>"; };
		35FD1015264E808F00BB0968 /* ptr_vector.h */ = {isa = PBXFileReference; fileEncoding = 4; lastKnownFileType = sourcecode.c.h; path = ptr_vector.h; sourceTree = "<group>"; };
		35FD1016264E808F00BB0968 /* singledocparser.h */ = {isa = PBXFileReference; fileEncoding = 4; lastKnownFileType = sourcecode.c.h; path = singledocparser.h; sourceTree = "<group>"; };
		35FD1017264E808F00BB0968 /* exp.h */ = {isa = PBXFileReference; fileEncoding = 4; lastKnownFileType = sourcecode.c.h; path = exp.h; sourceTree = "<group>"; };
		35FD1018264E808F00BB0968 /* token.h */ = {isa = PBXFileReference; fileEncoding = 4; lastKnownFileType = sourcecode.c.h; path = token.h; sourceTree = "<group>"; };
		35FD1019264E808F00BB0968 /* regex_yaml.h */ = {isa = PBXFileReference; fileEncoding = 4; lastKnownFileType = sourcecode.c.h; path = regex_yaml.h; sourceTree = "<group>"; };
		35FD101A264E808F00BB0968 /* node_data.cpp */ = {isa = PBXFileReference; fileEncoding = 4; lastKnownFileType = sourcecode.cpp.cpp; path = node_data.cpp; sourceTree = "<group>"; };
		35FD101B264E808F00BB0968 /* emitterstate.cpp */ = {isa = PBXFileReference; fileEncoding = 4; lastKnownFileType = sourcecode.cpp.cpp; path = emitterstate.cpp; sourceTree = "<group>"; };
		35FD101C264E808F00BB0968 /* parser.cpp */ = {isa = PBXFileReference; fileEncoding = 4; lastKnownFileType = sourcecode.cpp.cpp; path = parser.cpp; sourceTree = "<group>"; };
		35FD101D264E808F00BB0968 /* setting.h */ = {isa = PBXFileReference; fileEncoding = 4; lastKnownFileType = sourcecode.c.h; path = setting.h; sourceTree = "<group>"; };
		35FD101E264E808F00BB0968 /* directives.h */ = {isa = PBXFileReference; fileEncoding = 4; lastKnownFileType = sourcecode.c.h; path = directives.h; sourceTree = "<group>"; };
		35FD1082264E81E600BB0968 /* mapindex.hpp */ = {isa = PBXFileReference; fileEncoding = 4; lastKnownFileType = sourcecode.cpp.h; path = mapindex.hpp; sourceTree = "<group>"; };
		35FD1084264E81E600BB0968 /* nullpo.cpp */ = {isa = PBXFileReference; fileEncoding = 4; lastKnownFileType = sourcecode.cpp.cpp; path = nullpo.cpp; sourceTree = "<group>"; };
		35FD1085264E81E600BB0968 /* strlib.hpp */ = {isa = PBXFileReference; fileEncoding = 4; lastKnownFileType = sourcecode.cpp.h; path = strlib.hpp; sourceTree = "<group>"; };
		35FD1086264E81E600BB0968 /* utils.cpp */ = {isa = PBXFileReference; fileEncoding = 4; lastKnownFileType = sourcecode.cpp.cpp; path = utils.cpp; sourceTree = "<group>"; };
		35FD1087264E81E600BB0968 /* utils.hpp */ = {isa = PBXFileReference; fileEncoding = 4; lastKnownFileType = sourcecode.cpp.h; path = utils.hpp; sourceTree = "<group>"; };
		35FD1088264E81E600BB0968 /* mmo.hpp */ = {isa = PBXFileReference; fileEncoding = 4; lastKnownFileType = sourcecode.cpp.h; path = mmo.hpp; sourceTree = "<group>"; };
		35FD1089264E81E700BB0968 /* socket.hpp */ = {isa = PBXFileReference; fileEncoding = 4; lastKnownFileType = sourcecode.cpp.h; path = socket.hpp; sourceTree = "<group>"; };
		35FD108A264E81E700BB0968 /* malloc.hpp */ = {isa = PBXFileReference; fileEncoding = 4; lastKnownFileType = sourcecode.cpp.h; path = malloc.hpp; sourceTree = "<group>"; };
		35FD108B264E81E700BB0968 /* malloc.cpp */ = {isa = PBXFileReference; fileEncoding = 4; lastKnownFileType = sourcecode.cpp.cpp; path = malloc.cpp; sourceTree = "<group>"; };
		35FD108C264E81E700BB0968 /* grfio.cpp */ = {isa = PBXFileReference; fileEncoding = 4; lastKnownFileType = sourcecode.cpp.cpp; path = grfio.cpp; sourceTree = "<group>"; };
		35FD108D264E81E700BB0968 /* core.cpp */ = {isa = PBXFileReference; fileEncoding = 4; lastKnownFileType = sourcecode.cpp.cpp; path = core.cpp; sourceTree = "<group>"; };
		35FD108E264E81E700BB0968 /* des.cpp */ = {isa = PBXFileReference; fileEncoding = 4; lastKnownFileType = sourcecode.cpp.cpp; path = des.cpp; sourceTree = "<group>"; };
		35FD108F264E81E700BB0968 /* showmsg.cpp */ = {isa = PBXFileReference; fileEncoding = 4; lastKnownFileType = sourcecode.cpp.cpp; path = showmsg.cpp; sourceTree = "<group>"; };
		35FD1090264E81E700BB0968 /* database.hpp */ = {isa = PBXFileReference; fileEncoding = 4; lastKnownFileType = sourcecode.cpp.h; path = database.hpp; sourceTree = "<group>"; };
		35FD1091264E81E800BB0968 /* nullpo.hpp */ = {isa = PBXFileReference; fileEncoding = 4; lastKnownFileType = sourcecode.cpp.h; path = nullpo.hpp; sourceTree = "<group>"; };
		35FD1092264E81E800BB0968 /* sql.cpp */ = {isa = PBXFileReference; fileEncoding = 4; lastKnownFileType = sourcecode.cpp.cpp; path = sql.cpp; sourceTree = "<group>"; };
		35FD1093264E81E800BB0968 /* cli.hpp */ = {isa = PBXFileReference; fileEncoding = 4; lastKnownFileType = sourcecode.cpp.h; path = cli.hpp; sourceTree = "<group>"; };
		35FD1095264E81E800BB0968 /* md5calc.hpp */ = {isa = PBXFileReference; fileEncoding = 4; lastKnownFileType = sourcecode.cpp.h; path = md5calc.hpp; sourceTree = "<group>"; };
		35FD1097264E81E800BB0968 /* socket.cpp */ = {isa = PBXFileReference; fileEncoding = 4; lastKnownFileType = sourcecode.cpp.cpp; path = socket.cpp; sourceTree = "<group>"; };
		35FD1098264E81E800BB0968 /* msg_conf.cpp */ = {isa = PBXFileReference; fileEncoding = 4; lastKnownFileType = sourcecode.cpp.cpp; path = msg_conf.cpp; sourceTree = "<group>"; };
		35FD1099264E81E900BB0968 /* msg_conf.hpp */ = {isa = PBXFileReference; fileEncoding = 4; lastKnownFileType = sourcecode.cpp.h; path = msg_conf.hpp; sourceTree = "<group>"; };
		35FD109A264E81E900BB0968 /* timer.cpp */ = {isa = PBXFileReference; fileEncoding = 4; lastKnownFileType = sourcecode.cpp.cpp; path = timer.cpp; sourceTree = "<group>"; };
		35FD109B264E81E900BB0968 /* mapindex.cpp */ = {isa = PBXFileReference; fileEncoding = 4; lastKnownFileType = sourcecode.cpp.cpp; path = mapindex.cpp; sourceTree = "<group>"; };
		35FD109C264E81E900BB0968 /* strlib.cpp */ = {isa = PBXFileReference; fileEncoding = 4; lastKnownFileType = sourcecode.cpp.cpp; path = strlib.cpp; sourceTree = "<group>"; };
		35FD109E264E81E900BB0968 /* showmsg.hpp */ = {isa = PBXFileReference; fileEncoding = 4; lastKnownFileType = sourcecode.cpp.h; path = showmsg.hpp; sourceTree = "<group>"; };
		35FD109F264E81E900BB0968 /* utilities.hpp */ = {isa = PBXFileReference; fileEncoding = 4; lastKnownFileType = sourcecode.cpp.h; path = utilities.hpp; sourceTree = "<group>"; };
		35FD10A0264E81E900BB0968 /* ers.cpp */ = {isa = PBXFileReference; fileEncoding = 4; lastKnownFileType = sourcecode.cpp.cpp; path = ers.cpp; sourceTree = "<group>"; };
		35FD10A1264E81EA00BB0968 /* sql.hpp */ = {isa = PBXFileReference; fileEncoding = 4; lastKnownFileType = sourcecode.cpp.h; path = sql.hpp; sourceTree = "<group>"; };
		35FD10A2264E81EA00BB0968 /* conf.cpp */ = {isa = PBXFileReference; fileEncoding = 4; lastKnownFileType = sourcecode.cpp.cpp; path = conf.cpp; sourceTree = "<group>"; };
		35FD10A3264E81EA00BB0968 /* timer.hpp */ = {isa = PBXFileReference; fileEncoding = 4; lastKnownFileType = sourcecode.cpp.h; path = timer.hpp; sourceTree = "<group>"; };
		35FD10A4264E81EA00BB0968 /* db.hpp */ = {isa = PBXFileReference; fileEncoding = 4; lastKnownFileType = sourcecode.cpp.h; path = db.hpp; sourceTree = "<group>"; };
		35FD10A5264E81EA00BB0968 /* md5calc.cpp */ = {isa = PBXFileReference; fileEncoding = 4; lastKnownFileType = sourcecode.cpp.cpp; path = md5calc.cpp; sourceTree = "<group>"; };
		35FD10A6264E81EA00BB0968 /* grfio.hpp */ = {isa = PBXFileReference; fileEncoding = 4; lastKnownFileType = sourcecode.cpp.h; path = grfio.hpp; sourceTree = "<group>"; };
		35FD10A7264E81EA00BB0968 /* db.cpp */ = {isa = PBXFileReference; fileEncoding = 4; lastKnownFileType = sourcecode.cpp.cpp; path = db.cpp; sourceTree = "<group>"; };
		35FD10AA264E81EB00BB0968 /* ers.hpp */ = {isa = PBXFileReference; fileEncoding = 4; lastKnownFileType = sourcecode.cpp.h; path = ers.hpp; sourceTree = "<group>"; };
		35FD10AB264E81EB00BB0968 /* cli.cpp */ = {isa = PBXFileReference; fileEncoding = 4; lastKnownFileType = sourcecode.cpp.cpp; path = cli.cpp; sourceTree = "<group>"; };
		35FD10AC264E81EB00BB0968 /* des.hpp */ = {isa = PBXFileReference; fileEncoding = 4; lastKnownFileType = sourcecode.cpp.h; path = des.hpp; sourceTree = "<group>"; };
		35FD10AD264E81EB00BB0968 /* random.hpp */ = {isa = PBXFileReference; fileEncoding = 4; lastKnownFileType = sourcecode.cpp.h; path = random.hpp; sourceTree = "<group>"; };
		35FD10B0264E81EC00BB0968 /* core.hpp */ = {isa = PBXFileReference; fileEncoding = 4; lastKnownFileType = sourcecode.cpp.h; path = core.hpp; sourceTree = "<group>"; };
		35FD10B1264E81EC00BB0968 /* random.cpp */ = {isa = PBXFileReference; fileEncoding = 4; lastKnownFileType = sourcecode.cpp.cpp; path = random.cpp; sourceTree = "<group>"; };
		35FD10B2264E81EC00BB0968 /* database.cpp */ = {isa = PBXFileReference; fileEncoding = 4; lastKnownFileType = sourcecode.cpp.cpp; path = database.cpp; sourceTree = "<group>"; };
		35FD10B3264E81EC00BB0968 /* utilities.cpp */ = {isa = PBXFileReference; fileEncoding = 4; lastKnownFileType = sourcecode.cpp.cpp; path = utilities.cpp; sourceTree = "<group>"; };
		35FD10B4264E81EC00BB0968 /* conf.hpp */ = {isa = PBXFileReference; fileEncoding = 4; lastKnownFileType = sourcecode.cpp.h; path = conf.hpp; sourceTree = "<group>"; };
		35FD10EF2652031400BB0968 /* libz.tbd */ = {isa = PBXFileReference; lastKnownFileType = "sourcecode.text-based-dylib-definition"; name = libz.tbd; path = Platforms/MacOSX.platform/Developer/SDKs/MacOSX11.1.sdk/usr/lib/libz.tbd; sourceTree = DEVELOPER_DIR; };
/* End PBXFileReference section */

/* Begin PBXFrameworksBuildPhase section */
		35FD0B8A264E765C00BB0968 /* Frameworks */ = {
			isa = PBXFrameworksBuildPhase;
			buildActionMask = 2147483647;
			files = (
				35FD10F4265203B200BB0968 /* libz.tbd in Frameworks */,
			);
			runOnlyForDeploymentPostprocessing = 0;
		};
/* End PBXFrameworksBuildPhase section */

/* Begin PBXGroup section */
		35FD0B83264E765C00BB0968 = {
			isa = PBXGroup;
			children = (
				35FD0B8F264E765C00BB0968 /* rAthena */,
				35FD0B8E264E765C00BB0968 /* Products */,
				35FD10EE2652031400BB0968 /* Frameworks */,
			);
			sourceTree = "<group>";
		};
		35FD0B8E264E765C00BB0968 /* Products */ = {
			isa = PBXGroup;
			children = (
				35FD0B8D264E765C00BB0968 /* rAthena.framework */,
			);
			name = Products;
			sourceTree = "<group>";
		};
		35FD0B8F264E765C00BB0968 /* rAthena */ = {
			isa = PBXGroup;
			children = (
				35FD0B90264E765C00BB0968 /* rAthena.h */,
				35FD0D7C264E79BE00BB0968 /* 3rdparty */,
				35FD0B9C264E789100BB0968 /* src */,
				35FD0B91264E765C00BB0968 /* Info.plist */,
			);
			name = rAthena;
			sourceTree = "<group>";
		};
		35FD0B9C264E789100BB0968 /* src */ = {
			isa = PBXGroup;
			children = (
				35FD0BCF264E789100BB0968 /* common */,
			);
			path = src;
			sourceTree = "<group>";
		};
		35FD0BCF264E789100BB0968 /* common */ = {
			isa = PBXGroup;
			children = (
				35FD0F4D264E7EF200BB0968 /* cbasetypes.hpp */,
				35FD10AB264E81EB00BB0968 /* cli.cpp */,
				35FD1093264E81E800BB0968 /* cli.hpp */,
				35FD10A2264E81EA00BB0968 /* conf.cpp */,
				35FD10B4264E81EC00BB0968 /* conf.hpp */,
				35FD108D264E81E700BB0968 /* core.cpp */,
				35FD10B0264E81EC00BB0968 /* core.hpp */,
				35FD10B2264E81EC00BB0968 /* database.cpp */,
				35FD1090264E81E700BB0968 /* database.hpp */,
				35FD10A7264E81EA00BB0968 /* db.cpp */,
				35FD10A4264E81EA00BB0968 /* db.hpp */,
				35FD108E264E81E700BB0968 /* des.cpp */,
				35FD10AC264E81EB00BB0968 /* des.hpp */,
				35FD10A0264E81E900BB0968 /* ers.cpp */,
				35FD10AA264E81EB00BB0968 /* ers.hpp */,
				35FD108C264E81E700BB0968 /* grfio.cpp */,
				35FD10A6264E81EA00BB0968 /* grfio.hpp */,
				35FD108B264E81E700BB0968 /* malloc.cpp */,
				35FD108A264E81E700BB0968 /* malloc.hpp */,
				35FD109B264E81E900BB0968 /* mapindex.cpp */,
				35FD1082264E81E600BB0968 /* mapindex.hpp */,
				35FD10A5264E81EA00BB0968 /* md5calc.cpp */,
				35FD1095264E81E800BB0968 /* md5calc.hpp */,
				35FD1088264E81E600BB0968 /* mmo.hpp */,
				35FD1098264E81E800BB0968 /* msg_conf.cpp */,
				35FD1099264E81E900BB0968 /* msg_conf.hpp */,
				35FD1084264E81E600BB0968 /* nullpo.cpp */,
				35FD1091264E81E800BB0968 /* nullpo.hpp */,
				35FD10B1264E81EC00BB0968 /* random.cpp */,
				35FD10AD264E81EB00BB0968 /* random.hpp */,
				35FD108F264E81E700BB0968 /* showmsg.cpp */,
				35FD109E264E81E900BB0968 /* showmsg.hpp */,
				35FD1097264E81E800BB0968 /* socket.cpp */,
				35FD1089264E81E700BB0968 /* socket.hpp */,
				35FD1092264E81E800BB0968 /* sql.cpp */,
				35FD10A1264E81EA00BB0968 /* sql.hpp */,
				35FD109C264E81E900BB0968 /* strlib.cpp */,
				35FD1085264E81E600BB0968 /* strlib.hpp */,
				35FD109A264E81E900BB0968 /* timer.cpp */,
				35FD10A3264E81EA00BB0968 /* timer.hpp */,
				35FD10B3264E81EC00BB0968 /* utilities.cpp */,
				35FD109F264E81E900BB0968 /* utilities.hpp */,
				35FD1086264E81E600BB0968 /* utils.cpp */,
				35FD1087264E81E600BB0968 /* utils.hpp */,
			);
			path = common;
			sourceTree = "<group>";
		};
		35FD0D7C264E79BE00BB0968 /* 3rdparty */ = {
			isa = PBXGroup;
			children = (
				35FD0D87264E79BE00BB0968 /* libconfig */,
				35FD0FBA264E808F00BB0968 /* yaml-cpp */,
			);
			path = 3rdparty;
			sourceTree = SOURCE_ROOT;
		};
		35FD0D87264E79BE00BB0968 /* libconfig */ = {
			isa = PBXGroup;
			children = (
				35FD0D8D264E79BE00BB0968 /* grammar.c */,
				35FD0D93264E79BE00BB0968 /* grammar.h */,
				35FD0D96264E79BE00BB0968 /* libconfig.c */,
				35FD0D8E264E79BE00BB0968 /* libconfig.h */,
				35FD0D8C264E79BE00BB0968 /* parsectx.h */,
				35FD0D8F264E79BE00BB0968 /* scanctx.c */,
				35FD0D95264E79BE00BB0968 /* scanctx.h */,
				35FD0D88264E79BE00BB0968 /* scanner.c */,
				35FD0D92264E79BE00BB0968 /* scanner.h */,
				35FD0D91264E79BE00BB0968 /* strbuf.c */,
				35FD0D89264E79BE00BB0968 /* strbuf.h */,
				35FD0D98264E79BE00BB0968 /* wincompat.h */,
			);
			path = libconfig;
			sourceTree = "<group>";
		};
		35FD0FBA264E808F00BB0968 /* yaml-cpp */ = {
			isa = PBXGroup;
			children = (
				35FD0FBE264E808F00BB0968 /* include */,
				35FD0FE9264E808F00BB0968 /* src */,
			);
			path = "yaml-cpp";
			sourceTree = "<group>";
		};
		35FD0FBE264E808F00BB0968 /* include */ = {
			isa = PBXGroup;
			children = (
				35FD0FBF264E808F00BB0968 /* yaml-cpp */,
			);
			path = include;
			sourceTree = "<group>";
		};
		35FD0FBF264E808F00BB0968 /* yaml-cpp */ = {
			isa = PBXGroup;
			children = (
				35FD0FCD264E808F00BB0968 /* contrib */,
				35FD0FD2264E808F00BB0968 /* node */,
				35FD0FC3264E808F00BB0968 /* anchor.h */,
				35FD0FE7264E808F00BB0968 /* binary.h */,
				35FD0FCC264E808F00BB0968 /* dll.h */,
				35FD0FCB264E808F00BB0968 /* emitfromevents.h */,
				35FD0FC2264E808F00BB0968 /* emitter.h */,
				35FD0FC5264E808F00BB0968 /* emitterdef.h */,
				35FD0FCA264E808F00BB0968 /* emittermanip.h */,
				35FD0FC9264E808F00BB0968 /* emitterstyle.h */,
				35FD0FC1264E808F00BB0968 /* eventhandler.h */,
				35FD0FC8264E808F00BB0968 /* exceptions.h */,
				35FD0FC4264E808F00BB0968 /* mark.h */,
				35FD0FD0264E808F00BB0968 /* noncopyable.h */,
				35FD0FC7264E808F00BB0968 /* null.h */,
				35FD0FE5264E808F00BB0968 /* ostream_wrapper.h */,
				35FD0FC6264E808F00BB0968 /* parser.h */,
				35FD0FE6264E808F00BB0968 /* stlemitter.h */,
				35FD0FC0264E808F00BB0968 /* traits.h */,
				35FD0FD1264E808F00BB0968 /* yaml.h */,
			);
			path = "yaml-cpp";
			sourceTree = "<group>";
		};
		35FD0FCD264E808F00BB0968 /* contrib */ = {
			isa = PBXGroup;
			children = (
				35FD0FCF264E808F00BB0968 /* anchordict.h */,
				35FD0FCE264E808F00BB0968 /* graphbuilder.h */,
			);
			path = contrib;
			sourceTree = "<group>";
		};
		35FD0FD2264E808F00BB0968 /* node */ = {
			isa = PBXGroup;
			children = (
				35FD0FD6264E808F00BB0968 /* detail */,
				35FD0FE1264E808F00BB0968 /* convert.h */,
				35FD0FE3264E808F00BB0968 /* emit.h */,
				35FD0FE2264E808F00BB0968 /* impl.h */,
				35FD0FE4264E808F00BB0968 /* iterator.h */,
				35FD0FD5264E808F00BB0968 /* node.h */,
				35FD0FD4264E808F00BB0968 /* parse.h */,
				35FD0FE0264E808F00BB0968 /* ptr.h */,
				35FD0FD3264E808F00BB0968 /* type.h */,
			);
			path = node;
			sourceTree = "<group>";
		};
		35FD0FD6264E808F00BB0968 /* detail */ = {
			isa = PBXGroup;
			children = (
				35FD0FDA264E808F00BB0968 /* bool_type.h */,
				35FD0FDD264E808F00BB0968 /* impl.h */,
				35FD0FDE264E808F00BB0968 /* iterator_fwd.h */,
				35FD0FDF264E808F00BB0968 /* iterator.h */,
				35FD0FDB264E808F00BB0968 /* memory.h */,
				35FD0FD7264E808F00BB0968 /* node_data.h */,
				35FD0FDC264E808F00BB0968 /* node_iterator.h */,
				35FD0FD8264E808F00BB0968 /* node_ref.h */,
				35FD0FD9264E808F00BB0968 /* node.h */,
			);
			path = detail;
			sourceTree = "<group>";
		};
		35FD0FE9264E808F00BB0968 /* src */ = {
			isa = PBXGroup;
			children = (
				35FD1002264E808F00BB0968 /* contrib */,
				35FD0FFF264E808F00BB0968 /* binary.cpp */,
				35FD1013264E808F00BB0968 /* collectionstack.h */,
				35FD0FF7264E808F00BB0968 /* convert.cpp */,
				35FD1014264E808F00BB0968 /* directives.cpp */,
				35FD101E264E808F00BB0968 /* directives.h */,
				35FD1008264E808F00BB0968 /* emit.cpp */,
				35FD0FF1264E808F00BB0968 /* emitfromevents.cpp */,
				35FD0FF5264E808F00BB0968 /* emitter.cpp */,
				35FD101B264E808F00BB0968 /* emitterstate.cpp */,
				35FD1011264E808F00BB0968 /* emitterstate.h */,
				35FD100C264E808F00BB0968 /* emitterutils.cpp */,
				35FD0FFE264E808F00BB0968 /* emitterutils.h */,
				35FD0FEB264E808F00BB0968 /* exceptions.cpp */,
				35FD0FFA264E808F00BB0968 /* exp.cpp */,
				35FD1017264E808F00BB0968 /* exp.h */,
				35FD0FF4264E808F00BB0968 /* indentation.h */,
				35FD0FEC264E808F00BB0968 /* memory.cpp */,
				35FD101A264E808F00BB0968 /* node_data.cpp */,
				35FD0FFC264E808F00BB0968 /* node.cpp */,
				35FD1012264E808F00BB0968 /* nodebuilder.cpp */,
				35FD1006264E808F00BB0968 /* nodebuilder.h */,
				35FD1001264E808F00BB0968 /* nodeevents.cpp */,
				35FD0FF6264E808F00BB0968 /* nodeevents.h */,
				35FD0FFB264E808F00BB0968 /* null.cpp */,
				35FD0FEF264E808F00BB0968 /* ostream_wrapper.cpp */,
				35FD0FF3264E808F00BB0968 /* parse.cpp */,
				35FD101C264E808F00BB0968 /* parser.cpp */,
				35FD1015264E808F00BB0968 /* ptr_vector.h */,
				35FD0FF8264E808F00BB0968 /* regex_yaml.cpp */,
				35FD1019264E808F00BB0968 /* regex_yaml.h */,
				35FD0FEE264E808F00BB0968 /* regeximpl.h */,
				35FD1007264E808F00BB0968 /* scanner.cpp */,
				35FD100D264E808F00BB0968 /* scanner.h */,
				35FD0FF9264E808F00BB0968 /* scanscalar.cpp */,
				35FD0FEA264E808F00BB0968 /* scanscalar.h */,
				35FD100F264E808F00BB0968 /* scantag.cpp */,
				35FD0FED264E808F00BB0968 /* scantag.h */,
				35FD1010264E808F00BB0968 /* scantoken.cpp */,
				35FD101D264E808F00BB0968 /* setting.h */,
				35FD0FF2264E808F00BB0968 /* simplekey.cpp */,
				35FD0FFD264E808F00BB0968 /* singledocparser.cpp */,
				35FD1016264E808F00BB0968 /* singledocparser.h */,
				35FD100E264E808F00BB0968 /* stream.cpp */,
				35FD1000264E808F00BB0968 /* stream.h */,
				35FD100A264E808F00BB0968 /* streamcharsource.h */,
				35FD100B264E808F00BB0968 /* stringsource.h */,
				35FD1009264E808F00BB0968 /* tag.cpp */,
				35FD0FF0264E808F00BB0968 /* tag.h */,
				35FD1018264E808F00BB0968 /* token.h */,
			);
			path = src;
			sourceTree = "<group>";
		};
		35FD1002264E808F00BB0968 /* contrib */ = {
			isa = PBXGroup;
			children = (
				35FD1004264E808F00BB0968 /* graphbuilder.cpp */,
				35FD1003264E808F00BB0968 /* graphbuilderadapter.cpp */,
				35FD1005264E808F00BB0968 /* graphbuilderadapter.h */,
			);
			path = contrib;
			sourceTree = "<group>";
		};
		35FD10EE2652031400BB0968 /* Frameworks */ = {
			isa = PBXGroup;
			children = (
				35FD10EF2652031400BB0968 /* libz.tbd */,
			);
			name = Frameworks;
			sourceTree = "<group>";
		};
/* End PBXGroup section */

/* Begin PBXHeadersBuildPhase section */
		35FD0B88264E765C00BB0968 /* Headers */ = {
			isa = PBXHeadersBuildPhase;
			buildActionMask = 2147483647;
			files = (
				35FD0E70264E79BF00BB0968 /* strbuf.h in Headers */,
				35FD103E264E809000BB0968 /* iterator.h in Headers */,
				35FD10C4264E81EC00BB0968 /* nullpo.hpp in Headers */,
				35FD0E79264E79BF00BB0968 /* scanner.h in Headers */,
				35FD105C264E809000BB0968 /* emitterutils.h in Headers */,
				35FD10BA264E81EC00BB0968 /* utils.hpp in Headers */,
				35FD10CC264E81EC00BB0968 /* msg_conf.hpp in Headers */,
				35FD103B264E809000BB0968 /* node_iterator.h in Headers */,
				35FD1062264E809000BB0968 /* graphbuilderadapter.h in Headers */,
				35FD1044264E809000BB0968 /* ostream_wrapper.h in Headers */,
				35FD1043264E809000BB0968 /* iterator.h in Headers */,
				35FD105E264E809000BB0968 /* stream.h in Headers */,
				35FD1038264E809000BB0968 /* node.h in Headers */,
				35FD1076264E809000BB0968 /* regex_yaml.h in Headers */,
				35FD1042264E809000BB0968 /* emit.h in Headers */,
				35FD10DF264E81ED00BB0968 /* des.hpp in Headers */,
				35FD102F264E808F00BB0968 /* graphbuilder.h in Headers */,
				35FD1027264E808F00BB0968 /* emitterdef.h in Headers */,
				35FD102E264E808F00BB0968 /* dll.h in Headers */,
				35FD10D9264E81ED00BB0968 /* grfio.hpp in Headers */,
				35FD0E7A264E79BF00BB0968 /* grammar.h in Headers */,
				35FD1041264E809000BB0968 /* impl.h in Headers */,
				35FD0E7C264E79BF00BB0968 /* scanctx.h in Headers */,
				35FD10B5264E81EC00BB0968 /* mapindex.hpp in Headers */,
				35FD1032264E808F00BB0968 /* yaml.h in Headers */,
				35FD1036264E809000BB0968 /* node_data.h in Headers */,
				35FD102C264E808F00BB0968 /* emittermanip.h in Headers */,
				35FD10D1264E81ED00BB0968 /* showmsg.hpp in Headers */,
				35FD1029264E808F00BB0968 /* null.h in Headers */,
				35FD1033264E808F00BB0968 /* type.h in Headers */,
				35FD1070264E809000BB0968 /* collectionstack.h in Headers */,
				35FD1040264E809000BB0968 /* convert.h in Headers */,
				35FD1052264E809000BB0968 /* indentation.h in Headers */,
				35FD10E3264E81ED00BB0968 /* core.hpp in Headers */,
				35FD102B264E808F00BB0968 /* emitterstyle.h in Headers */,
				35FD104B264E809000BB0968 /* scantag.h in Headers */,
				35FD10BB264E81EC00BB0968 /* mmo.hpp in Headers */,
				35FD10E7264E81ED00BB0968 /* conf.hpp in Headers */,
				35FD10BC264E81EC00BB0968 /* socket.hpp in Headers */,
				35FD1034264E809000BB0968 /* parse.h in Headers */,
				35FD0E73264E79BF00BB0968 /* parsectx.h in Headers */,
				35FD104C264E809000BB0968 /* regeximpl.h in Headers */,
				35FD1046264E809000BB0968 /* binary.h in Headers */,
				35FD10BD264E81EC00BB0968 /* malloc.hpp in Headers */,
				35FD107B264E809000BB0968 /* directives.h in Headers */,
				35FD1073264E809000BB0968 /* singledocparser.h in Headers */,
				35FD10DD264E81ED00BB0968 /* ers.hpp in Headers */,
				35FD10C3264E81EC00BB0968 /* database.hpp in Headers */,
				35FD10D4264E81ED00BB0968 /* sql.hpp in Headers */,
				35FD102A264E808F00BB0968 /* exceptions.h in Headers */,
				35FD1025264E808F00BB0968 /* anchor.h in Headers */,
				35FD0F4E264E7EF200BB0968 /* cbasetypes.hpp in Headers */,
				35FD10C8264E81EC00BB0968 /* md5calc.hpp in Headers */,
				35FD106A264E809000BB0968 /* scanner.h in Headers */,
				35FD1023264E808F00BB0968 /* eventhandler.h in Headers */,
				35FD103F264E809000BB0968 /* ptr.h in Headers */,
				35FD1037264E809000BB0968 /* node_ref.h in Headers */,
				35FD10C6264E81EC00BB0968 /* cli.hpp in Headers */,
				35FD1048264E809000BB0968 /* scanscalar.h in Headers */,
				35FD1030264E808F00BB0968 /* anchordict.h in Headers */,
				35FD1072264E809000BB0968 /* ptr_vector.h in Headers */,
				35FD103D264E809000BB0968 /* iterator_fwd.h in Headers */,
				35FD103C264E809000BB0968 /* impl.h in Headers */,
				35FD1022264E808F00BB0968 /* traits.h in Headers */,
				35FD1054264E809000BB0968 /* nodeevents.h in Headers */,
				35FD1074264E809000BB0968 /* exp.h in Headers */,
				35FD1075264E809000BB0968 /* token.h in Headers */,
				35FD107A264E809000BB0968 /* setting.h in Headers */,
				35FD103A264E809000BB0968 /* memory.h in Headers */,
				35FD10D2264E81ED00BB0968 /* utilities.hpp in Headers */,
				35FD1067264E809000BB0968 /* streamcharsource.h in Headers */,
				35FD0B92264E765C00BB0968 /* rAthena.h in Headers */,
				35FD1031264E808F00BB0968 /* noncopyable.h in Headers */,
				35FD1026264E808F00BB0968 /* mark.h in Headers */,
				35FD102D264E808F00BB0968 /* emitfromevents.h in Headers */,
				35FD10E0264E81ED00BB0968 /* random.hpp in Headers */,
				35FD10B8264E81EC00BB0968 /* strlib.hpp in Headers */,
				35FD0E75264E79BF00BB0968 /* libconfig.h in Headers */,
				35FD1024264E808F00BB0968 /* emitter.h in Headers */,
				35FD0E7F264E79BF00BB0968 /* wincompat.h in Headers */,
				35FD10D6264E81ED00BB0968 /* timer.hpp in Headers */,
				35FD104E264E809000BB0968 /* tag.h in Headers */,
				35FD1039264E809000BB0968 /* bool_type.h in Headers */,
				35FD1035264E809000BB0968 /* node.h in Headers */,
				35FD1068264E809000BB0968 /* stringsource.h in Headers */,
				35FD1028264E808F00BB0968 /* parser.h in Headers */,
				35FD106E264E809000BB0968 /* emitterstate.h in Headers */,
				35FD1063264E809000BB0968 /* nodebuilder.h in Headers */,
				35FD10D7264E81ED00BB0968 /* db.hpp in Headers */,
				35FD1045264E809000BB0968 /* stlemitter.h in Headers */,
			);
			runOnlyForDeploymentPostprocessing = 0;
		};
/* End PBXHeadersBuildPhase section */

/* Begin PBXNativeTarget section */
		35FD0B8C264E765C00BB0968 /* rAthena */ = {
			isa = PBXNativeTarget;
			buildConfigurationList = 35FD0B95264E765C00BB0968 /* Build configuration list for PBXNativeTarget "rAthena" */;
			buildPhases = (
				35FD0B88264E765C00BB0968 /* Headers */,
				35FD0B89264E765C00BB0968 /* Sources */,
				35FD0B8A264E765C00BB0968 /* Frameworks */,
				35FD0B8B264E765C00BB0968 /* Resources */,
			);
			buildRules = (
			);
			dependencies = (
			);
			name = rAthena;
			productName = rAthena;
			productReference = 35FD0B8D264E765C00BB0968 /* rAthena.framework */;
			productType = "com.apple.product-type.framework";
		};
/* End PBXNativeTarget section */

/* Begin PBXProject section */
		35FD0B84264E765C00BB0968 /* Project object */ = {
			isa = PBXProject;
			attributes = {
				LastUpgradeCheck = 1240;
				TargetAttributes = {
					35FD0B8C264E765C00BB0968 = {
						CreatedOnToolsVersion = 12.4;
					};
				};
			};
			buildConfigurationList = 35FD0B87264E765C00BB0968 /* Build configuration list for PBXProject "rAthena" */;
			compatibilityVersion = "Xcode 9.3";
			developmentRegion = en;
			hasScannedForEncodings = 0;
			knownRegions = (
				en,
				Base,
			);
			mainGroup = 35FD0B83264E765C00BB0968;
			productRefGroup = 35FD0B8E264E765C00BB0968 /* Products */;
			projectDirPath = "";
			projectRoot = "";
			targets = (
				35FD0B8C264E765C00BB0968 /* rAthena */,
			);
		};
/* End PBXProject section */

/* Begin PBXResourcesBuildPhase section */
		35FD0B8B264E765C00BB0968 /* Resources */ = {
			isa = PBXResourcesBuildPhase;
			buildActionMask = 2147483647;
			files = (
			);
			runOnlyForDeploymentPostprocessing = 0;
		};
/* End PBXResourcesBuildPhase section */

/* Begin PBXSourcesBuildPhase section */
		35FD0B89264E765C00BB0968 /* Sources */ = {
			isa = PBXSourcesBuildPhase;
			buildActionMask = 2147483647;
			files = (
				35FD1079264E809000BB0968 /* parser.cpp in Sources */,
				35FD10E5264E81ED00BB0968 /* database.cpp in Sources */,
				35FD10B7264E81EC00BB0968 /* nullpo.cpp in Sources */,
				35FD10C2264E81EC00BB0968 /* showmsg.cpp in Sources */,
				35FD1050264E809000BB0968 /* simplekey.cpp in Sources */,
				35FD105A264E809000BB0968 /* node.cpp in Sources */,
				35FD1055264E809000BB0968 /* convert.cpp in Sources */,
				35FD1060264E809000BB0968 /* graphbuilderadapter.cpp in Sources */,
				35FD10D5264E81ED00BB0968 /* conf.cpp in Sources */,
				35FD10D8264E81ED00BB0968 /* md5calc.cpp in Sources */,
				35FD105F264E809000BB0968 /* nodeevents.cpp in Sources */,
				35FD106F264E809000BB0968 /* nodebuilder.cpp in Sources */,
				35FD105D264E809000BB0968 /* binary.cpp in Sources */,
				35FD105B264E809000BB0968 /* singledocparser.cpp in Sources */,
				35FD1078264E809000BB0968 /* emitterstate.cpp in Sources */,
				35FD10CB264E81EC00BB0968 /* msg_conf.cpp in Sources */,
				35FD106B264E809000BB0968 /* stream.cpp in Sources */,
				35FD1058264E809000BB0968 /* exp.cpp in Sources */,
				35FD0E76264E79BF00BB0968 /* scanctx.c in Sources */,
				35FD10CA264E81EC00BB0968 /* socket.cpp in Sources */,
				35FD10D3264E81ED00BB0968 /* ers.cpp in Sources */,
				35FD106C264E809000BB0968 /* scantag.cpp in Sources */,
				35FD10CF264E81EC00BB0968 /* strlib.cpp in Sources */,
				35FD1065264E809000BB0968 /* emit.cpp in Sources */,
				35FD104A264E809000BB0968 /* memory.cpp in Sources */,
				35FD10E6264E81ED00BB0968 /* utilities.cpp in Sources */,
				35FD1077264E809000BB0968 /* node_data.cpp in Sources */,
				35FD10C0264E81EC00BB0968 /* core.cpp in Sources */,
				35FD1057264E809000BB0968 /* scanscalar.cpp in Sources */,
				35FD104D264E809000BB0968 /* ostream_wrapper.cpp in Sources */,
				35FD1061264E809000BB0968 /* graphbuilder.cpp in Sources */,
				35FD1069264E809000BB0968 /* emitterutils.cpp in Sources */,
				35FD1053264E809000BB0968 /* emitter.cpp in Sources */,
				35FD10BE264E81EC00BB0968 /* malloc.cpp in Sources */,
				35FD10E4264E81ED00BB0968 /* random.cpp in Sources */,
				35FD104F264E809000BB0968 /* emitfromevents.cpp in Sources */,
				35FD1049264E809000BB0968 /* exceptions.cpp in Sources */,
				35FD0E74264E79BF00BB0968 /* grammar.c in Sources */,
				35FD1066264E809000BB0968 /* tag.cpp in Sources */,
				35FD1051264E809000BB0968 /* parse.cpp in Sources */,
				35FD10CE264E81EC00BB0968 /* mapindex.cpp in Sources */,
				35FD0E6F264E79BF00BB0968 /* scanner.c in Sources */,
				35FD1064264E809000BB0968 /* scanner.cpp in Sources */,
				35FD10DE264E81ED00BB0968 /* cli.cpp in Sources */,
				35FD10B9264E81EC00BB0968 /* utils.cpp in Sources */,
				35FD0E7D264E79BF00BB0968 /* libconfig.c in Sources */,
				35FD1059264E809000BB0968 /* null.cpp in Sources */,
				35FD1071264E809000BB0968 /* directives.cpp in Sources */,
				35FD0E78264E79BF00BB0968 /* strbuf.c in Sources */,
				35FD10C1264E81EC00BB0968 /* des.cpp in Sources */,
				35FD10DA264E81ED00BB0968 /* db.cpp in Sources */,
				35FD10BF264E81EC00BB0968 /* grfio.cpp in Sources */,
				35FD10CD264E81EC00BB0968 /* timer.cpp in Sources */,
				35FD1056264E809000BB0968 /* regex_yaml.cpp in Sources */,
				35FD106D264E809000BB0968 /* scantoken.cpp in Sources */,
			);
			runOnlyForDeploymentPostprocessing = 0;
		};
/* End PBXSourcesBuildPhase section */

/* Begin XCBuildConfiguration section */
		35FD0B93264E765C00BB0968 /* Debug */ = {
			isa = XCBuildConfiguration;
			buildSettings = {
				ALWAYS_SEARCH_USER_PATHS = NO;
				CLANG_ANALYZER_NONNULL = YES;
				CLANG_ANALYZER_NUMBER_OBJECT_CONVERSION = YES_AGGRESSIVE;
				CLANG_CXX_LANGUAGE_STANDARD = "gnu++14";
				CLANG_CXX_LIBRARY = "libc++";
				CLANG_ENABLE_MODULES = YES;
				CLANG_ENABLE_OBJC_ARC = YES;
				CLANG_ENABLE_OBJC_WEAK = YES;
				CLANG_WARN_BLOCK_CAPTURE_AUTORELEASING = YES;
				CLANG_WARN_BOOL_CONVERSION = YES;
				CLANG_WARN_COMMA = YES;
				CLANG_WARN_CONSTANT_CONVERSION = YES;
				CLANG_WARN_DEPRECATED_OBJC_IMPLEMENTATIONS = YES;
				CLANG_WARN_DIRECT_OBJC_ISA_USAGE = YES_ERROR;
				CLANG_WARN_DOCUMENTATION_COMMENTS = YES;
				CLANG_WARN_EMPTY_BODY = YES;
				CLANG_WARN_ENUM_CONVERSION = YES;
				CLANG_WARN_INFINITE_RECURSION = YES;
				CLANG_WARN_INT_CONVERSION = YES;
				CLANG_WARN_NON_LITERAL_NULL_CONVERSION = YES;
				CLANG_WARN_OBJC_IMPLICIT_RETAIN_SELF = YES;
				CLANG_WARN_OBJC_LITERAL_CONVERSION = YES;
				CLANG_WARN_OBJC_ROOT_CLASS = YES_ERROR;
				CLANG_WARN_QUOTED_INCLUDE_IN_FRAMEWORK_HEADER = YES;
				CLANG_WARN_RANGE_LOOP_ANALYSIS = YES;
				CLANG_WARN_STRICT_PROTOTYPES = YES;
				CLANG_WARN_SUSPICIOUS_MOVE = YES;
				CLANG_WARN_UNGUARDED_AVAILABILITY = YES_AGGRESSIVE;
				CLANG_WARN_UNREACHABLE_CODE = YES;
				CLANG_WARN__DUPLICATE_METHOD_MATCH = YES;
				COPY_PHASE_STRIP = NO;
				CURRENT_PROJECT_VERSION = 1;
				DEBUG_INFORMATION_FORMAT = dwarf;
				ENABLE_STRICT_OBJC_MSGSEND = YES;
				ENABLE_TESTABILITY = YES;
				GCC_C_LANGUAGE_STANDARD = gnu11;
				GCC_DYNAMIC_NO_PIC = NO;
				GCC_NO_COMMON_BLOCKS = YES;
				GCC_OPTIMIZATION_LEVEL = 0;
				GCC_PREPROCESSOR_DEFINITIONS = (
					"DEBUG=1",
					"$(inherited)",
				);
				GCC_WARN_64_TO_32_BIT_CONVERSION = YES;
				GCC_WARN_ABOUT_RETURN_TYPE = YES_ERROR;
				GCC_WARN_UNDECLARED_SELECTOR = YES;
				GCC_WARN_UNINITIALIZED_AUTOS = YES_AGGRESSIVE;
				GCC_WARN_UNUSED_FUNCTION = YES;
				GCC_WARN_UNUSED_VARIABLE = YES;
				IPHONEOS_DEPLOYMENT_TARGET = 14.4;
				MTL_ENABLE_DEBUG_INFO = INCLUDE_SOURCE;
				MTL_FAST_MATH = YES;
				ONLY_ACTIVE_ARCH = YES;
				SDKROOT = iphoneos;
				VERSIONING_SYSTEM = "apple-generic";
				VERSION_INFO_PREFIX = "";
			};
			name = Debug;
		};
		35FD0B94264E765C00BB0968 /* Release */ = {
			isa = XCBuildConfiguration;
			buildSettings = {
				ALWAYS_SEARCH_USER_PATHS = NO;
				CLANG_ANALYZER_NONNULL = YES;
				CLANG_ANALYZER_NUMBER_OBJECT_CONVERSION = YES_AGGRESSIVE;
				CLANG_CXX_LANGUAGE_STANDARD = "gnu++14";
				CLANG_CXX_LIBRARY = "libc++";
				CLANG_ENABLE_MODULES = YES;
				CLANG_ENABLE_OBJC_ARC = YES;
				CLANG_ENABLE_OBJC_WEAK = YES;
				CLANG_WARN_BLOCK_CAPTURE_AUTORELEASING = YES;
				CLANG_WARN_BOOL_CONVERSION = YES;
				CLANG_WARN_COMMA = YES;
				CLANG_WARN_CONSTANT_CONVERSION = YES;
				CLANG_WARN_DEPRECATED_OBJC_IMPLEMENTATIONS = YES;
				CLANG_WARN_DIRECT_OBJC_ISA_USAGE = YES_ERROR;
				CLANG_WARN_DOCUMENTATION_COMMENTS = YES;
				CLANG_WARN_EMPTY_BODY = YES;
				CLANG_WARN_ENUM_CONVERSION = YES;
				CLANG_WARN_INFINITE_RECURSION = YES;
				CLANG_WARN_INT_CONVERSION = YES;
				CLANG_WARN_NON_LITERAL_NULL_CONVERSION = YES;
				CLANG_WARN_OBJC_IMPLICIT_RETAIN_SELF = YES;
				CLANG_WARN_OBJC_LITERAL_CONVERSION = YES;
				CLANG_WARN_OBJC_ROOT_CLASS = YES_ERROR;
				CLANG_WARN_QUOTED_INCLUDE_IN_FRAMEWORK_HEADER = YES;
				CLANG_WARN_RANGE_LOOP_ANALYSIS = YES;
				CLANG_WARN_STRICT_PROTOTYPES = YES;
				CLANG_WARN_SUSPICIOUS_MOVE = YES;
				CLANG_WARN_UNGUARDED_AVAILABILITY = YES_AGGRESSIVE;
				CLANG_WARN_UNREACHABLE_CODE = YES;
				CLANG_WARN__DUPLICATE_METHOD_MATCH = YES;
				COPY_PHASE_STRIP = NO;
				CURRENT_PROJECT_VERSION = 1;
				DEBUG_INFORMATION_FORMAT = "dwarf-with-dsym";
				ENABLE_NS_ASSERTIONS = NO;
				ENABLE_STRICT_OBJC_MSGSEND = YES;
				GCC_C_LANGUAGE_STANDARD = gnu11;
				GCC_NO_COMMON_BLOCKS = YES;
				GCC_WARN_64_TO_32_BIT_CONVERSION = YES;
				GCC_WARN_ABOUT_RETURN_TYPE = YES_ERROR;
				GCC_WARN_UNDECLARED_SELECTOR = YES;
				GCC_WARN_UNINITIALIZED_AUTOS = YES_AGGRESSIVE;
				GCC_WARN_UNUSED_FUNCTION = YES;
				GCC_WARN_UNUSED_VARIABLE = YES;
				IPHONEOS_DEPLOYMENT_TARGET = 14.4;
				MTL_ENABLE_DEBUG_INFO = NO;
				MTL_FAST_MATH = YES;
				SDKROOT = iphoneos;
				VALIDATE_PRODUCT = YES;
				VERSIONING_SYSTEM = "apple-generic";
				VERSION_INFO_PREFIX = "";
			};
			name = Release;
		};
		35FD0B96264E765C00BB0968 /* Debug */ = {
			isa = XCBuildConfiguration;
			buildSettings = {
				CODE_SIGN_STYLE = Automatic;
				DEFINES_MODULE = YES;
				DYLIB_COMPATIBILITY_VERSION = 1;
				DYLIB_CURRENT_VERSION = 1;
				DYLIB_INSTALL_NAME_BASE = "@rpath";
				GCC_PREPROCESSOR_DEFINITIONS = (
					"$(inherited)",
					"HAVE_XLOCALE_H=1",
				);
				HEADER_SEARCH_PATHS = "3rdparty/yaml-cpp/include";
				INFOPLIST_FILE = Info.plist;
				INSTALL_PATH = "$(LOCAL_LIBRARY_DIR)/Frameworks";
				LD_RUNPATH_SEARCH_PATHS = (
					"$(inherited)",
					"@executable_path/Frameworks",
					"@loader_path/Frameworks",
				);
				PRODUCT_BUNDLE_IDENTIFIER = data.leonandvane.rAthena;
				PRODUCT_NAME = "$(TARGET_NAME:c99extidentifier)";
				SKIP_INSTALL = YES;
				TARGETED_DEVICE_FAMILY = "1,2";
			};
			name = Debug;
		};
		35FD0B97264E765C00BB0968 /* Release */ = {
			isa = XCBuildConfiguration;
			buildSettings = {
				CODE_SIGN_STYLE = Automatic;
				DEFINES_MODULE = YES;
				DYLIB_COMPATIBILITY_VERSION = 1;
				DYLIB_CURRENT_VERSION = 1;
				DYLIB_INSTALL_NAME_BASE = "@rpath";
				GCC_PREPROCESSOR_DEFINITIONS = "HAVE_XLOCALE_H=1";
				HEADER_SEARCH_PATHS = "3rdparty/yaml-cpp/include";
				INFOPLIST_FILE = Info.plist;
				INSTALL_PATH = "$(LOCAL_LIBRARY_DIR)/Frameworks";
				LD_RUNPATH_SEARCH_PATHS = (
					"$(inherited)",
					"@executable_path/Frameworks",
					"@loader_path/Frameworks",
				);
				PRODUCT_BUNDLE_IDENTIFIER = data.leonandvane.rAthena;
				PRODUCT_NAME = "$(TARGET_NAME:c99extidentifier)";
				SKIP_INSTALL = YES;
				TARGETED_DEVICE_FAMILY = "1,2";
			};
			name = Release;
		};
/* End XCBuildConfiguration section */

/* Begin XCConfigurationList section */
		35FD0B87264E765C00BB0968 /* Build configuration list for PBXProject "rAthena" */ = {
			isa = XCConfigurationList;
			buildConfigurations = (
				35FD0B93264E765C00BB0968 /* Debug */,
				35FD0B94264E765C00BB0968 /* Release */,
			);
			defaultConfigurationIsVisible = 0;
			defaultConfigurationName = Release;
		};
		35FD0B95264E765C00BB0968 /* Build configuration list for PBXNativeTarget "rAthena" */ = {
			isa = XCConfigurationList;
			buildConfigurations = (
				35FD0B96264E765C00BB0968 /* Debug */,
				35FD0B97264E765C00BB0968 /* Release */,
			);
			defaultConfigurationIsVisible = 0;
			defaultConfigurationName = Release;
		};
/* End XCConfigurationList section */
	};
	rootObject = 35FD0B84264E765C00BB0968 /* Project object */;
}
