{
  "pins" : [
    {
      "identity" : "gcdwebserver",
      "kind" : "remoteSourceControl",
      "location" : "https://github.com/SlaunchaMan/GCDWebServer.git",
      "state" : {
        "branch" : "swift-package-manager",
        "revision" : "935e2736044e71e5341663c3cc9a335ba6867a2b"
      }
    },
    {
      "identity" : "terminal",
      "kind" : "remoteSourceControl",
      "location" : "https://github.com/dnpp73/Terminal.git",
      "state" : {
        "revision" : "407d3ed9d88da9c4c7518e72f7bfbe2cd5cf0b49",
        "version" : "0.3.4"
      }
    }
  ],
  "version" : 2
}
