// !$*UTF8*$!
{
	archiveVersion = 1;
	classes = {
	};
	objectVersion = 56;
	objects = {

/* Begin PBXBuildFile section */
		35FC634329125B2000825452 /* ROServerApp.swift in Sources */ = {isa = PBXBuildFile; fileRef = 35FC634229125B2000825452 /* ROServerApp.swift */; };
		35FC634529125B2000825452 /* ContentView.swift in Sources */ = {isa = PBXBuildFile; fileRef = 35FC634429125B2000825452 /* ContentView.swift */; };
		35FC634729125B2000825452 /* Assets.xcassets in Resources */ = {isa = PBXBuildFile; fileRef = 35FC634629125B2000825452 /* Assets.xcassets */; };
		35FC634A29125B2000825452 /* Preview Assets.xcassets in Resources */ = {isa = PBXBuildFile; fileRef = 35FC634929125B2000825452 /* Preview Assets.xcassets */; };
		35FC635729125D7600825452 /* rAthena.framework in Frameworks */ = {isa = PBXBuildFile; fileRef = 35FC635229125D7600825452 /* rAthena.framework */; };
		35FC635829125D7600825452 /* rAthena.framework in Embed Frameworks */ = {isa = PBXBuildFile; fileRef = 35FC635229125D7600825452 /* rAthena.framework */; settings = {ATTRIBUTES = (CodeSignOnCopy, RemoveHeadersOnCopy, ); }; };
		35FC635929125D7600825452 /* rAthenaChar.framework in Frameworks */ = {isa = PBXBuildFile; fileRef = 35FC635329125D7600825452 /* rAthenaChar.framework */; };
		35FC635A29125D7600825452 /* rAthenaChar.framework in Embed Frameworks */ = {isa = PBXBuildFile; fileRef = 35FC635329125D7600825452 /* rAthenaChar.framework */; settings = {ATTRIBUTES = (CodeSignOnCopy, RemoveHeadersOnCopy, ); }; };
		35FC635B29125D7600825452 /* rAthenaLogin.framework in Frameworks */ = {isa = PBXBuildFile; fileRef = 35FC635429125D7600825452 /* rAthenaLogin.framework */; };
		35FC635C29125D7600825452 /* rAthenaLogin.framework in Embed Frameworks */ = {isa = PBXBuildFile; fileRef = 35FC635429125D7600825452 /* rAthenaLogin.framework */; settings = {ATTRIBUTES = (CodeSignOnCopy, RemoveHeadersOnCopy, ); }; };
		35FC635D29125D7600825452 /* rAthenaMap.framework in Frameworks */ = {isa = PBXBuildFile; fileRef = 35FC635529125D7600825452 /* rAthenaMap.framework */; };
		35FC635E29125D7600825452 /* rAthenaMap.framework in Embed Frameworks */ = {isa = PBXBuildFile; fileRef = 35FC635529125D7600825452 /* rAthenaMap.framework */; settings = {ATTRIBUTES = (CodeSignOnCopy, RemoveHeadersOnCopy, ); }; };
		35FC635F29125D7600825452 /* rAthenaWeb.framework in Frameworks */ = {isa = PBXBuildFile; fileRef = 35FC635629125D7600825452 /* rAthenaWeb.framework */; };
		35FC636029125D7600825452 /* rAthenaWeb.framework in Embed Frameworks */ = {isa = PBXBuildFile; fileRef = 35FC635629125D7600825452 /* rAthenaWeb.framework */; settings = {ATTRIBUTES = (CodeSignOnCopy, RemoveHeadersOnCopy, ); }; };
		35FC636329125D9700825452 /* Terminal.xcframework in Frameworks */ = {isa = PBXBuildFile; fileRef = 35FC636229125D9700825452 /* Terminal.xcframework */; };
		35FC636429125D9700825452 /* Terminal.xcframework in Embed Frameworks */ = {isa = PBXBuildFile; fileRef = 35FC636229125D9700825452 /* Terminal.xcframework */; settings = {ATTRIBUTES = (CodeSignOnCopy, RemoveHeadersOnCopy, ); }; };
		35FC636629125F0100825452 /* TerminalView.swift in Sources */ = {isa = PBXBuildFile; fileRef = 35FC636529125F0100825452 /* TerminalView.swift */; };
		35FC63682912685000825452 /* ServerView.swift in Sources */ = {isa = PBXBuildFile; fileRef = 35FC63672912685000825452 /* ServerView.swift */; };
		35FC636A291275D900825452 /* LoginServerView.swift in Sources */ = {isa = PBXBuildFile; fileRef = 35FC6369291275D900825452 /* LoginServerView.swift */; };
		35FC636C2912764500825452 /* CharServerView.swift in Sources */ = {isa = PBXBuildFile; fileRef = 35FC636B2912764500825452 /* CharServerView.swift */; };
		35FC636E2912765500825452 /* MapServerView.swift in Sources */ = {isa = PBXBuildFile; fileRef = 35FC636D2912765500825452 /* MapServerView.swift */; };
		35FC63702912766000825452 /* WebServerView.swift in Sources */ = {isa = PBXBuildFile; fileRef = 35FC636F2912766000825452 /* WebServerView.swift */; };
/* End PBXBuildFile section */

/* Begin PBXCopyFilesBuildPhase section */
		35FC636129125D7600825452 /* Embed Frameworks */ = {
			isa = PBXCopyFilesBuildPhase;
			buildActionMask = 2147483647;
			dstPath = "";
			dstSubfolderSpec = 10;
			files = (
				35FC635829125D7600825452 /* rAthena.framework in Embed Frameworks */,
				35FC635A29125D7600825452 /* rAthenaChar.framework in Embed Frameworks */,
				35FC635C29125D7600825452 /* rAthenaLogin.framework in Embed Frameworks */,
				35FC635E29125D7600825452 /* rAthenaMap.framework in Embed Frameworks */,
				35FC636029125D7600825452 /* rAthenaWeb.framework in Embed Frameworks */,
				35FC636429125D9700825452 /* Terminal.xcframework in Embed Frameworks */,
			);
			name = "Embed Frameworks";
			runOnlyForDeploymentPostprocessing = 0;
		};
/* End PBXCopyFilesBuildPhase section */

/* Begin PBXFileReference section */
		35FC633F29125B2000825452 /* ROServer.app */ = {isa = PBXFileReference; explicitFileType = wrapper.application; includeInIndex = 0; path = ROServer.app; sourceTree = BUILT_PRODUCTS_DIR; };
		35FC634229125B2000825452 /* ROServerApp.swift */ = {isa = PBXFileReference; lastKnownFileType = sourcecode.swift; path = ROServerApp.swift; sourceTree = "<group>"; };
		35FC634429125B2000825452 /* ContentView.swift */ = {isa = PBXFileReference; lastKnownFileType = sourcecode.swift; path = ContentView.swift; sourceTree = "<group>"; };
		35FC634629125B2000825452 /* Assets.xcassets */ = {isa = PBXFileReference; lastKnownFileType = folder.assetcatalog; path = Assets.xcassets; sourceTree = "<group>"; };
		35FC634929125B2000825452 /* Preview Assets.xcassets */ = {isa = PBXFileReference; lastKnownFileType = folder.assetcatalog; path = "Preview Assets.xcassets"; sourceTree = "<group>"; };
		35FC635029125CEA00825452 /* ROServer-Bridging-Header.h */ = {isa = PBXFileReference; fileEncoding = 4; lastKnownFileType = sourcecode.c.h; path = "ROServer-Bridging-Header.h"; sourceTree = "<group>"; };
		35FC635229125D7600825452 /* rAthena.framework */ = {isa = PBXFileReference; explicitFileType = wrapper.framework; path = rAthena.framework; sourceTree = BUILT_PRODUCTS_DIR; };
		35FC635329125D7600825452 /* rAthenaChar.framework */ = {isa = PBXFileReference; explicitFileType = wrapper.framework; path = rAthenaChar.framework; sourceTree = BUILT_PRODUCTS_DIR; };
		35FC635429125D7600825452 /* rAthenaLogin.framework */ = {isa = PBXFileReference; explicitFileType = wrapper.framework; path = rAthenaLogin.framework; sourceTree = BUILT_PRODUCTS_DIR; };
		35FC635529125D7600825452 /* rAthenaMap.framework */ = {isa = PBXFileReference; explicitFileType = wrapper.framework; path = rAthenaMap.framework; sourceTree = BUILT_PRODUCTS_DIR; };
		35FC635629125D7600825452 /* rAthenaWeb.framework */ = {isa = PBXFileReference; explicitFileType = wrapper.framework; path = rAthenaWeb.framework; sourceTree = BUILT_PRODUCTS_DIR; };
		35FC636229125D9700825452 /* Terminal.xcframework */ = {isa = PBXFileReference; lastKnownFileType = wrapper.xcframework; name = Terminal.xcframework; path = ../../Carthage/Build/Terminal.xcframework; sourceTree = "<group>"; };
		35FC636529125F0100825452 /* TerminalView.swift */ = {isa = PBXFileReference; lastKnownFileType = sourcecode.swift; path = TerminalView.swift; sourceTree = "<group>"; };
		35FC63672912685000825452 /* ServerView.swift */ = {isa = PBXFileReference; lastKnownFileType = sourcecode.swift; path = ServerView.swift; sourceTree = "<group>"; };
		35FC6369291275D900825452 /* LoginServerView.swift */ = {isa = PBXFileReference; lastKnownFileType = sourcecode.swift; path = LoginServerView.swift; sourceTree = "<group>"; };
		35FC636B2912764500825452 /* CharServerView.swift */ = {isa = PBXFileReference; lastKnownFileType = sourcecode.swift; path = CharServerView.swift; sourceTree = "<group>"; };
		35FC636D2912765500825452 /* MapServerView.swift */ = {isa = PBXFileReference; lastKnownFileType = sourcecode.swift; path = MapServerView.swift; sourceTree = "<group>"; };
		35FC636F2912766000825452 /* WebServerView.swift */ = {isa = PBXFileReference; lastKnownFileType = sourcecode.swift; path = WebServerView.swift; sourceTree = "<group>"; };
/* End PBXFileReference section */

/* Begin PBXFrameworksBuildPhase section */
		35FC633C29125B2000825452 /* Frameworks */ = {
			isa = PBXFrameworksBuildPhase;
			buildActionMask = 2147483647;
			files = (
				35FC635729125D7600825452 /* rAthena.framework in Frameworks */,
				35FC635929125D7600825452 /* rAthenaChar.framework in Frameworks */,
				35FC635B29125D7600825452 /* rAthenaLogin.framework in Frameworks */,
				35FC635D29125D7600825452 /* rAthenaMap.framework in Frameworks */,
				35FC635F29125D7600825452 /* rAthenaWeb.framework in Frameworks */,
				35FC636329125D9700825452 /* Terminal.xcframework in Frameworks */,
			);
			runOnlyForDeploymentPostprocessing = 0;
		};
/* End PBXFrameworksBuildPhase section */

/* Begin PBXGroup section */
		35FC633629125B2000825452 = {
			isa = PBXGroup;
			children = (
				35FC634129125B2000825452 /* ROServer */,
				35FC634029125B2000825452 /* Products */,
				35FC635129125D7600825452 /* Frameworks */,
			);
			sourceTree = "<group>";
		};
		35FC634029125B2000825452 /* Products */ = {
			isa = PBXGroup;
			children = (
				35FC633F29125B2000825452 /* ROServer.app */,
			);
			name = Products;
			sourceTree = "<group>";
		};
		35FC634129125B2000825452 /* ROServer */ = {
			isa = PBXGroup;
			children = (
				35FC634229125B2000825452 /* ROServerApp.swift */,
				35FC634429125B2000825452 /* ContentView.swift */,
				35FC63672912685000825452 /* ServerView.swift */,
				35FC6369291275D900825452 /* LoginServerView.swift */,
				35FC636B2912764500825452 /* CharServerView.swift */,
				35FC636D2912765500825452 /* MapServerView.swift */,
				35FC636F2912766000825452 /* WebServerView.swift */,
				35FC636529125F0100825452 /* TerminalView.swift */,
				35FC635029125CEA00825452 /* ROServer-Bridging-Header.h */,
				35FC634629125B2000825452 /* Assets.xcassets */,
				35FC634829125B2000825452 /* Preview Content */,
			);
			path = ROServer;
			sourceTree = "<group>";
		};
		35FC634829125B2000825452 /* Preview Content */ = {
			isa = PBXGroup;
			children = (
				35FC634929125B2000825452 /* Preview Assets.xcassets */,
			);
			path = "Preview Content";
			sourceTree = "<group>";
		};
		35FC635129125D7600825452 /* Frameworks */ = {
			isa = PBXGroup;
			children = (
				35FC635229125D7600825452 /* rAthena.framework */,
				35FC635329125D7600825452 /* rAthenaChar.framework */,
				35FC635429125D7600825452 /* rAthenaLogin.framework */,
				35FC635529125D7600825452 /* rAthenaMap.framework */,
				35FC635629125D7600825452 /* rAthenaWeb.framework */,
				35FC636229125D9700825452 /* Terminal.xcframework */,
			);
			name = Frameworks;
			sourceTree = "<group>";
		};
/* End PBXGroup section */

/* Begin PBXNativeTarget section */
		35FC633E29125B2000825452 /* ROServer */ = {
			isa = PBXNativeTarget;
			buildConfigurationList = 35FC634D29125B2000825452 /* Build configuration list for PBXNativeTarget "ROServer" */;
			buildPhases = (
				35FC633B29125B2000825452 /* Sources */,
				35FC633C29125B2000825452 /* Frameworks */,
				35FC633D29125B2000825452 /* Resources */,
				35FC636129125D7600825452 /* Embed Frameworks */,
			);
			buildRules = (
			);
			dependencies = (
			);
			name = ROServer;
			productName = ROServer;
			productReference = 35FC633F29125B2000825452 /* ROServer.app */;
			productType = "com.apple.product-type.application";
		};
/* End PBXNativeTarget section */

/* Begin PBXProject section */
		35FC633729125B2000825452 /* Project object */ = {
			isa = PBXProject;
			attributes = {
				BuildIndependentTargetsInParallel = 1;
				LastSwiftUpdateCheck = 1400;
				LastUpgradeCheck = 1400;
				TargetAttributes = {
					35FC633E29125B2000825452 = {
						CreatedOnToolsVersion = 14.0.1;
					};
				};
			};
			buildConfigurationList = 35FC633A29125B2000825452 /* Build configuration list for PBXProject "ROServer" */;
			compatibilityVersion = "Xcode 14.0";
			developmentRegion = en;
			hasScannedForEncodings = 0;
			knownRegions = (
				en,
				Base,
			);
			mainGroup = 35FC633629125B2000825452;
			productRefGroup = 35FC634029125B2000825452 /* Products */;
			projectDirPath = "";
			projectRoot = "";
			targets = (
				35FC633E29125B2000825452 /* ROServer */,
			);
		};
/* End PBXProject section */

/* Begin PBXResourcesBuildPhase section */
		35FC633D29125B2000825452 /* Resources */ = {
			isa = PBXResourcesBuildPhase;
			buildActionMask = 2147483647;
			files = (
				35FC634A29125B2000825452 /* Preview Assets.xcassets in Resources */,
				35FC634729125B2000825452 /* Assets.xcassets in Resources */,
			);
			runOnlyForDeploymentPostprocessing = 0;
		};
/* End PBXResourcesBuildPhase section */

/* Begin PBXSourcesBuildPhase section */
		35FC633B29125B2000825452 /* Sources */ = {
			isa = PBXSourcesBuildPhase;
			buildActionMask = 2147483647;
			files = (
				35FC634529125B2000825452 /* ContentView.swift in Sources */,
				35FC63682912685000825452 /* ServerView.swift in Sources */,
				35FC636629125F0100825452 /* TerminalView.swift in Sources */,
				35FC636E2912765500825452 /* MapServerView.swift in Sources */,
				35FC636C2912764500825452 /* CharServerView.swift in Sources */,
				35FC634329125B2000825452 /* ROServerApp.swift in Sources */,
				35FC63702912766000825452 /* WebServerView.swift in Sources */,
				35FC636A291275D900825452 /* LoginServerView.swift in Sources */,
			);
			runOnlyForDeploymentPostprocessing = 0;
		};
/* End PBXSourcesBuildPhase section */

/* Begin XCBuildConfiguration section */
		35FC634B29125B2000825452 /* Debug */ = {
			isa = XCBuildConfiguration;
			buildSettings = {
				ALWAYS_SEARCH_USER_PATHS = NO;
				CLANG_ANALYZER_NONNULL = YES;
				CLANG_ANALYZER_NUMBER_OBJECT_CONVERSION = YES_AGGRESSIVE;
				CLANG_CXX_LANGUAGE_STANDARD = "gnu++20";
				CLANG_ENABLE_MODULES = YES;
				CLANG_ENABLE_OBJC_ARC = YES;
				CLANG_ENABLE_OBJC_WEAK = YES;
				CLANG_WARN_BLOCK_CAPTURE_AUTORELEASING = YES;
				CLANG_WARN_BOOL_CONVERSION = YES;
				CLANG_WARN_COMMA = YES;
				CLANG_WARN_CONSTANT_CONVERSION = YES;
				CLANG_WARN_DEPRECATED_OBJC_IMPLEMENTATIONS = YES;
				CLANG_WARN_DIRECT_OBJC_ISA_USAGE = YES_ERROR;
				CLANG_WARN_DOCUMENTATION_COMMENTS = YES;
				CLANG_WARN_EMPTY_BODY = YES;
				CLANG_WARN_ENUM_CONVERSION = YES;
				CLANG_WARN_INFINITE_RECURSION = YES;
				CLANG_WARN_INT_CONVERSION = YES;
				CLANG_WARN_NON_LITERAL_NULL_CONVERSION = YES;
				CLANG_WARN_OBJC_IMPLICIT_RETAIN_SELF = YES;
				CLANG_WARN_OBJC_LITERAL_CONVERSION = YES;
				CLANG_WARN_OBJC_ROOT_CLASS = YES_ERROR;
				CLANG_WARN_QUOTED_INCLUDE_IN_FRAMEWORK_HEADER = YES;
				CLANG_WARN_RANGE_LOOP_ANALYSIS = YES;
				CLANG_WARN_STRICT_PROTOTYPES = YES;
				CLANG_WARN_SUSPICIOUS_MOVE = YES;
				CLANG_WARN_UNGUARDED_AVAILABILITY = YES_AGGRESSIVE;
				CLANG_WARN_UNREACHABLE_CODE = YES;
				CLANG_WARN__DUPLICATE_METHOD_MATCH = YES;
				COPY_PHASE_STRIP = NO;
				DEBUG_INFORMATION_FORMAT = dwarf;
				ENABLE_STRICT_OBJC_MSGSEND = YES;
				ENABLE_TESTABILITY = YES;
				GCC_C_LANGUAGE_STANDARD = gnu11;
				GCC_DYNAMIC_NO_PIC = NO;
				GCC_NO_COMMON_BLOCKS = YES;
				GCC_OPTIMIZATION_LEVEL = 0;
				GCC_PREPROCESSOR_DEFINITIONS = (
					"DEBUG=1",
					"$(inherited)",
				);
				GCC_WARN_64_TO_32_BIT_CONVERSION = YES;
				GCC_WARN_ABOUT_RETURN_TYPE = YES_ERROR;
				GCC_WARN_UNDECLARED_SELECTOR = YES;
				GCC_WARN_UNINITIALIZED_AUTOS = YES_AGGRESSIVE;
				GCC_WARN_UNUSED_FUNCTION = YES;
				GCC_WARN_UNUSED_VARIABLE = YES;
				IPHONEOS_DEPLOYMENT_TARGET = 15.0;
				MTL_ENABLE_DEBUG_INFO = INCLUDE_SOURCE;
				MTL_FAST_MATH = YES;
				ONLY_ACTIVE_ARCH = YES;
				SDKROOT = iphoneos;
				SWIFT_ACTIVE_COMPILATION_CONDITIONS = DEBUG;
				SWIFT_OPTIMIZATION_LEVEL = "-Onone";
			};
			name = Debug;
		};
		35FC634C29125B2000825452 /* Release */ = {
			isa = XCBuildConfiguration;
			buildSettings = {
				ALWAYS_SEARCH_USER_PATHS = NO;
				CLANG_ANALYZER_NONNULL = YES;
				CLANG_ANALYZER_NUMBER_OBJECT_CONVERSION = YES_AGGRESSIVE;
				CLANG_CXX_LANGUAGE_STANDARD = "gnu++20";
				CLANG_ENABLE_MODULES = YES;
				CLANG_ENABLE_OBJC_ARC = YES;
				CLANG_ENABLE_OBJC_WEAK = YES;
				CLANG_WARN_BLOCK_CAPTURE_AUTORELEASING = YES;
				CLANG_WARN_BOOL_CONVERSION = YES;
				CLANG_WARN_COMMA = YES;
				CLANG_WARN_CONSTANT_CONVERSION = YES;
				CLANG_WARN_DEPRECATED_OBJC_IMPLEMENTATIONS = YES;
				CLANG_WARN_DIRECT_OBJC_ISA_USAGE = YES_ERROR;
				CLANG_WARN_DOCUMENTATION_COMMENTS = YES;
				CLANG_WARN_EMPTY_BODY = YES;
				CLANG_WARN_ENUM_CONVERSION = YES;
				CLANG_WARN_INFINITE_RECURSION = YES;
				CLANG_WARN_INT_CONVERSION = YES;
				CLANG_WARN_NON_LITERAL_NULL_CONVERSION = YES;
				CLANG_WARN_OBJC_IMPLICIT_RETAIN_SELF = YES;
				CLANG_WARN_OBJC_LITERAL_CONVERSION = YES;
				CLANG_WARN_OBJC_ROOT_CLASS = YES_ERROR;
				CLANG_WARN_QUOTED_INCLUDE_IN_FRAMEWORK_HEADER = YES;
				CLANG_WARN_RANGE_LOOP_ANALYSIS = YES;
				CLANG_WARN_STRICT_PROTOTYPES = YES;
				CLANG_WARN_SUSPICIOUS_MOVE = YES;
				CLANG_WARN_UNGUARDED_AVAILABILITY = YES_AGGRESSIVE;
				CLANG_WARN_UNREACHABLE_CODE = YES;
				CLANG_WARN__DUPLICATE_METHOD_MATCH = YES;
				COPY_PHASE_STRIP = NO;
				DEBUG_INFORMATION_FORMAT = "dwarf-with-dsym";
				ENABLE_NS_ASSERTIONS = NO;
				ENABLE_STRICT_OBJC_MSGSEND = YES;
				GCC_C_LANGUAGE_STANDARD = gnu11;
				GCC_NO_COMMON_BLOCKS = YES;
				GCC_WARN_64_TO_32_BIT_CONVERSION = YES;
				GCC_WARN_ABOUT_RETURN_TYPE = YES_ERROR;
				GCC_WARN_UNDECLARED_SELECTOR = YES;
				GCC_WARN_UNINITIALIZED_AUTOS = YES_AGGRESSIVE;
				GCC_WARN_UNUSED_FUNCTION = YES;
				GCC_WARN_UNUSED_VARIABLE = YES;
				IPHONEOS_DEPLOYMENT_TARGET = 15.0;
				MTL_ENABLE_DEBUG_INFO = NO;
				MTL_FAST_MATH = YES;
				SDKROOT = iphoneos;
				SWIFT_COMPILATION_MODE = wholemodule;
				SWIFT_OPTIMIZATION_LEVEL = "-O";
				VALIDATE_PRODUCT = YES;
			};
			name = Release;
		};
		35FC634E29125B2000825452 /* Debug */ = {
			isa = XCBuildConfiguration;
			buildSettings = {
				ASSETCATALOG_COMPILER_APPICON_NAME = AppIcon;
				ASSETCATALOG_COMPILER_GLOBAL_ACCENT_COLOR_NAME = AccentColor;
				CODE_SIGN_STYLE = Automatic;
				CURRENT_PROJECT_VERSION = 1;
				DEVELOPMENT_ASSET_PATHS = "\"ROServer/Preview Content\"";
				DEVELOPMENT_TEAM = GG76KD534U;
				ENABLE_PREVIEWS = YES;
				GENERATE_INFOPLIST_FILE = YES;
				INFOPLIST_KEY_CFBundleDisplayName = "RO Server";
				INFOPLIST_KEY_UIApplicationSceneManifest_Generation = YES;
				INFOPLIST_KEY_UIApplicationSupportsIndirectInputEvents = YES;
				INFOPLIST_KEY_UILaunchScreen_Generation = YES;
				INFOPLIST_KEY_UISupportedInterfaceOrientations_iPad = "UIInterfaceOrientationPortrait UIInterfaceOrientationPortraitUpsideDown UIInterfaceOrientationLandscapeLeft UIInterfaceOrientationLandscapeRight";
				INFOPLIST_KEY_UISupportedInterfaceOrientations_iPhone = "UIInterfaceOrientationPortrait UIInterfaceOrientationLandscapeLeft UIInterfaceOrientationLandscapeRight";
				LD_RUNPATH_SEARCH_PATHS = (
					"$(inherited)",
					"@executable_path/Frameworks",
				);
				MARKETING_VERSION = 1.0;
				PRODUCT_BUNDLE_IDENTIFIER = "com.github.arkadeleon.ro-server";
				PRODUCT_NAME = "$(TARGET_NAME)";
				SUPPORTED_PLATFORMS = "iphoneos iphonesimulator";
				SUPPORTS_MACCATALYST = NO;
				SUPPORTS_MAC_DESIGNED_FOR_IPHONE_IPAD = YES;
				SWIFT_EMIT_LOC_STRINGS = YES;
				SWIFT_OBJC_BRIDGING_HEADER = "ROServer/ROServer-Bridging-Header.h";
				SWIFT_VERSION = 5.0;
				TARGETED_DEVICE_FAMILY = 2;
			};
			name = Debug;
		};
		35FC634F29125B2000825452 /* Release */ = {
			isa = XCBuildConfiguration;
			buildSettings = {
				ASSETCATALOG_COMPILER_APPICON_NAME = AppIcon;
				ASSETCATALOG_COMPILER_GLOBAL_ACCENT_COLOR_NAME = AccentColor;
				CODE_SIGN_STYLE = Automatic;
				CURRENT_PROJECT_VERSION = 1;
				DEVELOPMENT_ASSET_PATHS = "\"ROServer/Preview Content\"";
				DEVELOPMENT_TEAM = GG76KD534U;
				ENABLE_PREVIEWS = YES;
				GENERATE_INFOPLIST_FILE = YES;
				INFOPLIST_KEY_CFBundleDisplayName = "RO Server";
				INFOPLIST_KEY_UIApplicationSceneManifest_Generation = YES;
				INFOPLIST_KEY_UIApplicationSupportsIndirectInputEvents = YES;
				INFOPLIST_KEY_UILaunchScreen_Generation = YES;
				INFOPLIST_KEY_UISupportedInterfaceOrientations_iPad = "UIInterfaceOrientationPortrait UIInterfaceOrientationPortraitUpsideDown UIInterfaceOrientationLandscapeLeft UIInterfaceOrientationLandscapeRight";
				INFOPLIST_KEY_UISupportedInterfaceOrientations_iPhone = "UIInterfaceOrientationPortrait UIInterfaceOrientationLandscapeLeft UIInterfaceOrientationLandscapeRight";
				LD_RUNPATH_SEARCH_PATHS = (
					"$(inherited)",
					"@executable_path/Frameworks",
				);
				MARKETING_VERSION = 1.0;
				PRODUCT_BUNDLE_IDENTIFIER = "com.github.arkadeleon.ro-server";
				PRODUCT_NAME = "$(TARGET_NAME)";
				SUPPORTED_PLATFORMS = "iphoneos iphonesimulator";
				SUPPORTS_MACCATALYST = NO;
				SUPPORTS_MAC_DESIGNED_FOR_IPHONE_IPAD = YES;
				SWIFT_EMIT_LOC_STRINGS = YES;
				SWIFT_OBJC_BRIDGING_HEADER = "ROServer/ROServer-Bridging-Header.h";
				SWIFT_VERSION = 5.0;
				TARGETED_DEVICE_FAMILY = 2;
			};
			name = Release;
		};
/* End XCBuildConfiguration section */

/* Begin XCConfigurationList section */
		35FC633A29125B2000825452 /* Build configuration list for PBXProject "ROServer" */ = {
			isa = XCConfigurationList;
			buildConfigurations = (
				35FC634B29125B2000825452 /* Debug */,
				35FC634C29125B2000825452 /* Release */,
			);
			defaultConfigurationIsVisible = 0;
			defaultConfigurationName = Release;
		};
		35FC634D29125B2000825452 /* Build configuration list for PBXNativeTarget "ROServer" */ = {
			isa = XCConfigurationList;
			buildConfigurations = (
				35FC634E29125B2000825452 /* Debug */,
				35FC634F29125B2000825452 /* Release */,
			);
			defaultConfigurationIsVisible = 0;
			defaultConfigurationName = Release;
		};
/* End XCConfigurationList section */
	};
	rootObject = 35FC633729125B2000825452 /* Project object */;
}
