// !$*UTF8*$!
{
	archiveVersion = 1;
	classes = {
	};
	objectVersion = 50;
	objects = {

/* Begin PBXBuildFile section */
		3521864826582330002FAE2C /* AppDelegate.swift in Sources */ = {isa = PBXBuildFile; fileRef = 352186472658232F002FAE2C /* AppDelegate.swift */; };
		3521864A26582330002FAE2C /* SceneDelegate.swift in Sources */ = {isa = PBXBuildFile; fileRef = 3521864926582330002FAE2C /* SceneDelegate.swift */; };
		3521864C26582330002FAE2C /* ServerViewController.swift in Sources */ = {isa = PBXBuildFile; fileRef = 3521864B26582330002FAE2C /* ServerViewController.swift */; };
		3521864F26582330002FAE2C /* Main.storyboard in Resources */ = {isa = PBXBuildFile; fileRef = 3521864D26582330002FAE2C /* Main.storyboard */; };
		3521865126582331002FAE2C /* Assets.xcassets in Resources */ = {isa = PBXBuildFile; fileRef = 3521865026582331002FAE2C /* Assets.xcassets */; };
		3521865426582331002FAE2C /* LaunchScreen.storyboard in Resources */ = {isa = PBXBuildFile; fileRef = 3521865226582331002FAE2C /* LaunchScreen.storyboard */; };
		35435BF926E656D000F42F92 /* term.js in Resources */ = {isa = PBXBuildFile; fileRef = 35435BEE26E656CF00F42F92 /* term.js */; };
		35435BFA26E656D000F42F92 /* term.css in Resources */ = {isa = PBXBuildFile; fileRef = 35435BEF26E656CF00F42F92 /* term.css */; };
		35435BFB26E656D000F42F92 /* hterm_all.js in Resources */ = {isa = PBXBuildFile; fileRef = 35435BF026E656CF00F42F92 /* hterm_all.js */; };
		35435BFC26E656D000F42F92 /* Terminal.m in Sources */ = {isa = PBXBuildFile; fileRef = 35435BF126E656CF00F42F92 /* Terminal.m */; };
		35435BFD26E656D000F42F92 /* ScrollbarView.m in Sources */ = {isa = PBXBuildFile; fileRef = 35435BF226E656CF00F42F92 /* ScrollbarView.m */; };
		35435BFE26E656D000F42F92 /* DelayedUITask.m in Sources */ = {isa = PBXBuildFile; fileRef = 35435BF426E656CF00F42F92 /* DelayedUITask.m */; };
		35435BFF26E656D000F42F92 /* TerminalView.m in Sources */ = {isa = PBXBuildFile; fileRef = 35435BF626E656CF00F42F92 /* TerminalView.m */; };
		35435C0026E656D000F42F92 /* term.html in Resources */ = {isa = PBXBuildFile; fileRef = 35435BF826E656CF00F42F92 /* term.html */; };
		35E896452685C75500A2FBA1 /* rAthena.framework in Frameworks */ = {isa = PBXBuildFile; fileRef = 35E896412685C75500A2FBA1 /* rAthena.framework */; };
		35E896462685C75500A2FBA1 /* rAthena.framework in Embed Frameworks */ = {isa = PBXBuildFile; fileRef = 35E896412685C75500A2FBA1 /* rAthena.framework */; settings = {ATTRIBUTES = (CodeSignOnCopy, RemoveHeadersOnCopy, ); }; };
		35E896472685C75500A2FBA1 /* rAthenaChar.framework in Frameworks */ = {isa = PBXBuildFile; fileRef = 35E896422685C75500A2FBA1 /* rAthenaChar.framework */; };
		35E896482685C75500A2FBA1 /* rAthenaChar.framework in Embed Frameworks */ = {isa = PBXBuildFile; fileRef = 35E896422685C75500A2FBA1 /* rAthenaChar.framework */; settings = {ATTRIBUTES = (CodeSignOnCopy, RemoveHeadersOnCopy, ); }; };
		35E896492685C75500A2FBA1 /* rAthenaLogin.framework in Frameworks */ = {isa = PBXBuildFile; fileRef = 35E896432685C75500A2FBA1 /* rAthenaLogin.framework */; };
		35E8964A2685C75500A2FBA1 /* rAthenaLogin.framework in Embed Frameworks */ = {isa = PBXBuildFile; fileRef = 35E896432685C75500A2FBA1 /* rAthenaLogin.framework */; settings = {ATTRIBUTES = (CodeSignOnCopy, RemoveHeadersOnCopy, ); }; };
		35E8964B2685C75500A2FBA1 /* rAthenaMap.framework in Frameworks */ = {isa = PBXBuildFile; fileRef = 35E896442685C75500A2FBA1 /* rAthenaMap.framework */; };
		35E8964C2685C75500A2FBA1 /* rAthenaMap.framework in Embed Frameworks */ = {isa = PBXBuildFile; fileRef = 35E896442685C75500A2FBA1 /* rAthenaMap.framework */; settings = {ATTRIBUTES = (CodeSignOnCopy, RemoveHeadersOnCopy, ); }; };
/* End PBXBuildFile section */

/* Begin PBXCopyFilesBuildPhase section */
		3521866226582384002FAE2C /* Embed Frameworks */ = {
			isa = PBXCopyFilesBuildPhase;
			buildActionMask = 2147483647;
			dstPath = "";
			dstSubfolderSpec = 10;
			files = (
				35E896482685C75500A2FBA1 /* rAthenaChar.framework in Embed Frameworks */,
				35E8964C2685C75500A2FBA1 /* rAthenaMap.framework in Embed Frameworks */,
				35E8964A2685C75500A2FBA1 /* rAthenaLogin.framework in Embed Frameworks */,
				35E896462685C75500A2FBA1 /* rAthena.framework in Embed Frameworks */,
			);
			name = "Embed Frameworks";
			runOnlyForDeploymentPostprocessing = 0;
		};
/* End PBXCopyFilesBuildPhase section */

/* Begin PBXFileReference section */
		352186452658232F002FAE2C /* ROServer.app */ = {isa = PBXFileReference; explicitFileType = wrapper.application; includeInIndex = 0; path = ROServer.app; sourceTree = BUILT_PRODUCTS_DIR; };
		352186472658232F002FAE2C /* AppDelegate.swift */ = {isa = PBXFileReference; lastKnownFileType = sourcecode.swift; path = AppDelegate.swift; sourceTree = "<group>"; };
		3521864926582330002FAE2C /* SceneDelegate.swift */ = {isa = PBXFileReference; lastKnownFileType = sourcecode.swift; path = SceneDelegate.swift; sourceTree = "<group>"; };
		3521864B26582330002FAE2C /* ServerViewController.swift */ = {isa = PBXFileReference; lastKnownFileType = sourcecode.swift; path = ServerViewController.swift; sourceTree = "<group>"; };
		3521864E26582330002FAE2C /* Base */ = {isa = PBXFileReference; lastKnownFileType = file.storyboard; name = Base; path = Base.lproj/Main.storyboard; sourceTree = "<group>"; };
		3521865026582331002FAE2C /* Assets.xcassets */ = {isa = PBXFileReference; lastKnownFileType = folder.assetcatalog; path = Assets.xcassets; sourceTree = "<group>"; };
		3521865326582331002FAE2C /* Base */ = {isa = PBXFileReference; lastKnownFileType = file.storyboard; name = Base; path = Base.lproj/LaunchScreen.storyboard; sourceTree = "<group>"; };
		3521865526582331002FAE2C /* Info.plist */ = {isa = PBXFileReference; lastKnownFileType = text.plist.xml; path = Info.plist; sourceTree = "<group>"; };
		35435BED26E656CF00F42F92 /* DelayedUITask.h */ = {isa = PBXFileReference; fileEncoding = 4; lastKnownFileType = sourcecode.c.h; path = DelayedUITask.h; sourceTree = "<group>"; };
		35435BEE26E656CF00F42F92 /* term.js */ = {isa = PBXFileReference; fileEncoding = 4; lastKnownFileType = sourcecode.javascript; path = term.js; sourceTree = "<group>"; };
		35435BEF26E656CF00F42F92 /* term.css */ = {isa = PBXFileReference; fileEncoding = 4; lastKnownFileType = text.css; path = term.css; sourceTree = "<group>"; };
		35435BF026E656CF00F42F92 /* hterm_all.js */ = {isa = PBXFileReference; fileEncoding = 4; lastKnownFileType = sourcecode.javascript; path = hterm_all.js; sourceTree = "<group>"; };
		35435BF126E656CF00F42F92 /* Terminal.m */ = {isa = PBXFileReference; fileEncoding = 4; lastKnownFileType = sourcecode.c.objc; path = Terminal.m; sourceTree = "<group>"; };
		35435BF226E656CF00F42F92 /* ScrollbarView.m */ = {isa = PBXFileReference; fileEncoding = 4; lastKnownFileType = sourcecode.c.objc; path = ScrollbarView.m; sourceTree = "<group>"; };
		35435BF326E656CF00F42F92 /* TerminalView.h */ = {isa = PBXFileReference; fileEncoding = 4; lastKnownFileType = sourcecode.c.h; path = TerminalView.h; sourceTree = "<group>"; };
		35435BF426E656CF00F42F92 /* DelayedUITask.m */ = {isa = PBXFileReference; fileEncoding = 4; lastKnownFileType = sourcecode.c.objc; path = DelayedUITask.m; sourceTree = "<group>"; };
		35435BF526E656CF00F42F92 /* Terminal.h */ = {isa = PBXFileReference; fileEncoding = 4; lastKnownFileType = sourcecode.c.h; path = Terminal.h; sourceTree = "<group>"; };
		35435BF626E656CF00F42F92 /* TerminalView.m */ = {isa = PBXFileReference; fileEncoding = 4; lastKnownFileType = sourcecode.c.objc; path = TerminalView.m; sourceTree = "<group>"; };
		35435BF726E656CF00F42F92 /* ScrollbarView.h */ = {isa = PBXFileReference; fileEncoding = 4; lastKnownFileType = sourcecode.c.h; path = ScrollbarView.h; sourceTree = "<group>"; };
		35435BF826E656CF00F42F92 /* term.html */ = {isa = PBXFileReference; fileEncoding = 4; lastKnownFileType = text.html; path = term.html; sourceTree = "<group>"; };
		35435C0626E6578500F42F92 /* ROServer-Bridging-Header.h */ = {isa = PBXFileReference; lastKnownFileType = sourcecode.c.h; path = "ROServer-Bridging-Header.h"; sourceTree = "<group>"; };
		35E896412685C75500A2FBA1 /* rAthena.framework */ = {isa = PBXFileReference; explicitFileType = wrapper.framework; path = rAthena.framework; sourceTree = BUILT_PRODUCTS_DIR; };
		35E896422685C75500A2FBA1 /* rAthenaChar.framework */ = {isa = PBXFileReference; explicitFileType = wrapper.framework; path = rAthenaChar.framework; sourceTree = BUILT_PRODUCTS_DIR; };
		35E896432685C75500A2FBA1 /* rAthenaLogin.framework */ = {isa = PBXFileReference; explicitFileType = wrapper.framework; path = rAthenaLogin.framework; sourceTree = BUILT_PRODUCTS_DIR; };
		35E896442685C75500A2FBA1 /* rAthenaMap.framework */ = {isa = PBXFileReference; explicitFileType = wrapper.framework; path = rAthenaMap.framework; sourceTree = BUILT_PRODUCTS_DIR; };
/* End PBXFileReference section */

/* Begin PBXFrameworksBuildPhase section */
		352186422658232F002FAE2C /* Frameworks */ = {
			isa = PBXFrameworksBuildPhase;
			buildActionMask = 2147483647;
			files = (
				35E896472685C75500A2FBA1 /* rAthenaChar.framework in Frameworks */,
				35E8964B2685C75500A2FBA1 /* rAthenaMap.framework in Frameworks */,
				35E896492685C75500A2FBA1 /* rAthenaLogin.framework in Frameworks */,
				35E896452685C75500A2FBA1 /* rAthena.framework in Frameworks */,
			);
			runOnlyForDeploymentPostprocessing = 0;
		};
/* End PBXFrameworksBuildPhase section */

/* Begin PBXGroup section */
		352186462658232F002FAE2C /* ROServer */ = {
			isa = PBXGroup;
			children = (
				352186472658232F002FAE2C /* AppDelegate.swift */,
				3521864926582330002FAE2C /* SceneDelegate.swift */,
				3521864B26582330002FAE2C /* ServerViewController.swift */,
				35435BEC26E656CF00F42F92 /* Terminal */,
				3521864D26582330002FAE2C /* Main.storyboard */,
				3521865026582331002FAE2C /* Assets.xcassets */,
				3521865226582331002FAE2C /* LaunchScreen.storyboard */,
				35435C0626E6578500F42F92 /* ROServer-Bridging-Header.h */,
				3521865526582331002FAE2C /* Info.plist */,
			);
			path = ROServer;
			sourceTree = "<group>";
		};
		35435BEC26E656CF00F42F92 /* Terminal */ = {
			isa = PBXGroup;
			children = (
				35435BED26E656CF00F42F92 /* DelayedUITask.h */,
				35435BF426E656CF00F42F92 /* DelayedUITask.m */,
				35435BF726E656CF00F42F92 /* ScrollbarView.h */,
				35435BF226E656CF00F42F92 /* ScrollbarView.m */,
				35435BF526E656CF00F42F92 /* Terminal.h */,
				35435BF126E656CF00F42F92 /* Terminal.m */,
				35435BF326E656CF00F42F92 /* TerminalView.h */,
				35435BF626E656CF00F42F92 /* TerminalView.m */,
				35435BEF26E656CF00F42F92 /* term.css */,
				35435BF826E656CF00F42F92 /* term.html */,
				35435BEE26E656CF00F42F92 /* term.js */,
				35435BF026E656CF00F42F92 /* hterm_all.js */,
			);
			path = Terminal;
			sourceTree = "<group>";
		};
		35E896402685C75400A2FBA1 /* Frameworks */ = {
			isa = PBXGroup;
			children = (
				35E896412685C75500A2FBA1 /* rAthena.framework */,
				35E896422685C75500A2FBA1 /* rAthenaChar.framework */,
				35E896432685C75500A2FBA1 /* rAthenaLogin.framework */,
				35E896442685C75500A2FBA1 /* rAthenaMap.framework */,
			);
			name = Frameworks;
			sourceTree = "<group>";
		};
		35FD0B83264E765C00BB0968 = {
			isa = PBXGroup;
			children = (
				352186462658232F002FAE2C /* ROServer */,
				35FD0B8E264E765C00BB0968 /* Products */,
				35E896402685C75400A2FBA1 /* Frameworks */,
			);
			sourceTree = "<group>";
		};
		35FD0B8E264E765C00BB0968 /* Products */ = {
			isa = PBXGroup;
			children = (
				352186452658232F002FAE2C /* ROServer.app */,
			);
			name = Products;
			sourceTree = "<group>";
		};
/* End PBXGroup section */

/* Begin PBXNativeTarget section */
		352186442658232F002FAE2C /* ROServer */ = {
			isa = PBXNativeTarget;
			buildConfigurationList = 3521865826582331002FAE2C /* Build configuration list for PBXNativeTarget "ROServer" */;
			buildPhases = (
				352186412658232F002FAE2C /* Sources */,
				352186422658232F002FAE2C /* Frameworks */,
				352186432658232F002FAE2C /* Resources */,
				3521866226582384002FAE2C /* Embed Frameworks */,
			);
			buildRules = (
			);
			dependencies = (
			);
			name = ROServer;
			productName = ROServer;
			productReference = 352186452658232F002FAE2C /* ROServer.app */;
			productType = "com.apple.product-type.application";
		};
/* End PBXNativeTarget section */

/* Begin PBXProject section */
		35FD0B84264E765C00BB0968 /* Project object */ = {
			isa = PBXProject;
			attributes = {
				LastSwiftUpdateCheck = 1240;
				LastUpgradeCheck = 1240;
				TargetAttributes = {
					352186442658232F002FAE2C = {
						CreatedOnToolsVersion = 12.4;
					};
				};
			};
			buildConfigurationList = 35FD0B87264E765C00BB0968 /* Build configuration list for PBXProject "ROServer" */;
			compatibilityVersion = "Xcode 9.3";
			developmentRegion = en;
			hasScannedForEncodings = 0;
			knownRegions = (
				en,
				Base,
			);
			mainGroup = 35FD0B83264E765C00BB0968;
			productRefGroup = 35FD0B8E264E765C00BB0968 /* Products */;
			projectDirPath = "";
			projectRoot = "";
			targets = (
				352186442658232F002FAE2C /* ROServer */,
			);
		};
/* End PBXProject section */

/* Begin PBXResourcesBuildPhase section */
		352186432658232F002FAE2C /* Resources */ = {
			isa = PBXResourcesBuildPhase;
			buildActionMask = 2147483647;
			files = (
				3521865426582331002FAE2C /* LaunchScreen.storyboard in Resources */,
				35435BFA26E656D000F42F92 /* term.css in Resources */,
				35435C0026E656D000F42F92 /* term.html in Resources */,
				3521865126582331002FAE2C /* Assets.xcassets in Resources */,
				35435BFB26E656D000F42F92 /* hterm_all.js in Resources */,
				35435BF926E656D000F42F92 /* term.js in Resources */,
				3521864F26582330002FAE2C /* Main.storyboard in Resources */,
			);
			runOnlyForDeploymentPostprocessing = 0;
		};
/* End PBXResourcesBuildPhase section */

/* Begin PBXSourcesBuildPhase section */
		352186412658232F002FAE2C /* Sources */ = {
			isa = PBXSourcesBuildPhase;
			buildActionMask = 2147483647;
			files = (
				3521864C26582330002FAE2C /* ServerViewController.swift in Sources */,
				35435BFF26E656D000F42F92 /* TerminalView.m in Sources */,
				35435BFD26E656D000F42F92 /* ScrollbarView.m in Sources */,
				35435BFC26E656D000F42F92 /* Terminal.m in Sources */,
				35435BFE26E656D000F42F92 /* DelayedUITask.m in Sources */,
				3521864826582330002FAE2C /* AppDelegate.swift in Sources */,
				3521864A26582330002FAE2C /* SceneDelegate.swift in Sources */,
			);
			runOnlyForDeploymentPostprocessing = 0;
		};
/* End PBXSourcesBuildPhase section */

/* Begin PBXVariantGroup section */
		3521864D26582330002FAE2C /* Main.storyboard */ = {
			isa = PBXVariantGroup;
			children = (
				3521864E26582330002FAE2C /* Base */,
			);
			name = Main.storyboard;
			sourceTree = "<group>";
		};
		3521865226582331002FAE2C /* LaunchScreen.storyboard */ = {
			isa = PBXVariantGroup;
			children = (
				3521865326582331002FAE2C /* Base */,
			);
			name = LaunchScreen.storyboard;
			sourceTree = "<group>";
		};
/* End PBXVariantGroup section */

/* Begin XCBuildConfiguration section */
		3521865626582331002FAE2C /* Debug */ = {
			isa = XCBuildConfiguration;
			buildSettings = {
				ASSETCATALOG_COMPILER_APPICON_NAME = AppIcon;
				ASSETCATALOG_COMPILER_GLOBAL_ACCENT_COLOR_NAME = AccentColor;
				CODE_SIGN_STYLE = Automatic;
				DEVELOPMENT_TEAM = GG76KD534U;
				INFOPLIST_FILE = ROServer/Info.plist;
				LD_RUNPATH_SEARCH_PATHS = (
					"$(inherited)",
					"@executable_path/Frameworks",
				);
				PRODUCT_BUNDLE_IDENTIFIER = "com.github.arkadeleon.ro-server";
				PRODUCT_NAME = "$(TARGET_NAME)";
				SWIFT_ACTIVE_COMPILATION_CONDITIONS = DEBUG;
				SWIFT_OBJC_BRIDGING_HEADER = "ROServer/ROServer-Bridging-Header.h";
				SWIFT_OPTIMIZATION_LEVEL = "-Onone";
				SWIFT_VERSION = 5.0;
				TARGETED_DEVICE_FAMILY = 2;
			};
			name = Debug;
		};
		3521865726582331002FAE2C /* Release */ = {
			isa = XCBuildConfiguration;
			buildSettings = {
				ASSETCATALOG_COMPILER_APPICON_NAME = AppIcon;
				ASSETCATALOG_COMPILER_GLOBAL_ACCENT_COLOR_NAME = AccentColor;
				CODE_SIGN_STYLE = Automatic;
				DEVELOPMENT_TEAM = GG76KD534U;
				INFOPLIST_FILE = ROServer/Info.plist;
				LD_RUNPATH_SEARCH_PATHS = (
					"$(inherited)",
					"@executable_path/Frameworks",
				);
				PRODUCT_BUNDLE_IDENTIFIER = "com.github.arkadeleon.ro-server";
				PRODUCT_NAME = "$(TARGET_NAME)";
				SWIFT_COMPILATION_MODE = wholemodule;
				SWIFT_OBJC_BRIDGING_HEADER = "ROServer/ROServer-Bridging-Header.h";
				SWIFT_OPTIMIZATION_LEVEL = "-O";
				SWIFT_VERSION = 5.0;
				TARGETED_DEVICE_FAMILY = 2;
			};
			name = Release;
		};
		35FD0B93264E765C00BB0968 /* Debug */ = {
			isa = XCBuildConfiguration;
			buildSettings = {
				ALWAYS_SEARCH_USER_PATHS = NO;
				CLANG_ANALYZER_NONNULL = YES;
				CLANG_ANALYZER_NUMBER_OBJECT_CONVERSION = YES_AGGRESSIVE;
				CLANG_CXX_LANGUAGE_STANDARD = "gnu++14";
				CLANG_CXX_LIBRARY = "libc++";
				CLANG_ENABLE_MODULES = YES;
				CLANG_ENABLE_OBJC_ARC = YES;
				CLANG_ENABLE_OBJC_WEAK = YES;
				CLANG_WARN_BLOCK_CAPTURE_AUTORELEASING = YES;
				CLANG_WARN_BOOL_CONVERSION = YES;
				CLANG_WARN_COMMA = YES;
				CLANG_WARN_CONSTANT_CONVERSION = YES;
				CLANG_WARN_DEPRECATED_OBJC_IMPLEMENTATIONS = YES;
				CLANG_WARN_DIRECT_OBJC_ISA_USAGE = YES_ERROR;
				CLANG_WARN_DOCUMENTATION_COMMENTS = NO;
				CLANG_WARN_EMPTY_BODY = YES;
				CLANG_WARN_ENUM_CONVERSION = YES;
				CLANG_WARN_INFINITE_RECURSION = YES;
				CLANG_WARN_INT_CONVERSION = YES;
				CLANG_WARN_NON_LITERAL_NULL_CONVERSION = YES;
				CLANG_WARN_OBJC_IMPLICIT_RETAIN_SELF = YES;
				CLANG_WARN_OBJC_LITERAL_CONVERSION = YES;
				CLANG_WARN_OBJC_ROOT_CLASS = YES_ERROR;
				CLANG_WARN_QUOTED_INCLUDE_IN_FRAMEWORK_HEADER = YES;
				CLANG_WARN_RANGE_LOOP_ANALYSIS = YES;
				CLANG_WARN_STRICT_PROTOTYPES = YES;
				CLANG_WARN_SUSPICIOUS_MOVE = YES;
				CLANG_WARN_UNGUARDED_AVAILABILITY = YES_AGGRESSIVE;
				CLANG_WARN_UNREACHABLE_CODE = YES;
				CLANG_WARN__DUPLICATE_METHOD_MATCH = YES;
				COPY_PHASE_STRIP = NO;
				CURRENT_PROJECT_VERSION = 1;
				DEBUG_INFORMATION_FORMAT = dwarf;
				ENABLE_STRICT_OBJC_MSGSEND = YES;
				ENABLE_TESTABILITY = YES;
				GCC_C_LANGUAGE_STANDARD = gnu11;
				GCC_DYNAMIC_NO_PIC = NO;
				GCC_NO_COMMON_BLOCKS = YES;
				GCC_OPTIMIZATION_LEVEL = 0;
				GCC_PREPROCESSOR_DEFINITIONS = (
					"DEBUG=1",
					"$(inherited)",
				);
				GCC_WARN_64_TO_32_BIT_CONVERSION = YES;
				GCC_WARN_ABOUT_RETURN_TYPE = YES_ERROR;
				GCC_WARN_UNDECLARED_SELECTOR = YES;
				GCC_WARN_UNINITIALIZED_AUTOS = YES_AGGRESSIVE;
				GCC_WARN_UNUSED_FUNCTION = YES;
				GCC_WARN_UNUSED_VARIABLE = YES;
				IPHONEOS_DEPLOYMENT_TARGET = 14.1;
				MTL_ENABLE_DEBUG_INFO = INCLUDE_SOURCE;
				MTL_FAST_MATH = YES;
				ONLY_ACTIVE_ARCH = YES;
				SDKROOT = iphoneos;
				VERSIONING_SYSTEM = "apple-generic";
				VERSION_INFO_PREFIX = "";
			};
			name = Debug;
		};
		35FD0B94264E765C00BB0968 /* Release */ = {
			isa = XCBuildConfiguration;
			buildSettings = {
				ALWAYS_SEARCH_USER_PATHS = NO;
				CLANG_ANALYZER_NONNULL = YES;
				CLANG_ANALYZER_NUMBER_OBJECT_CONVERSION = YES_AGGRESSIVE;
				CLANG_CXX_LANGUAGE_STANDARD = "gnu++14";
				CLANG_CXX_LIBRARY = "libc++";
				CLANG_ENABLE_MODULES = YES;
				CLANG_ENABLE_OBJC_ARC = YES;
				CLANG_ENABLE_OBJC_WEAK = YES;
				CLANG_WARN_BLOCK_CAPTURE_AUTORELEASING = YES;
				CLANG_WARN_BOOL_CONVERSION = YES;
				CLANG_WARN_COMMA = YES;
				CLANG_WARN_CONSTANT_CONVERSION = YES;
				CLANG_WARN_DEPRECATED_OBJC_IMPLEMENTATIONS = YES;
				CLANG_WARN_DIRECT_OBJC_ISA_USAGE = YES_ERROR;
				CLANG_WARN_DOCUMENTATION_COMMENTS = NO;
				CLANG_WARN_EMPTY_BODY = YES;
				CLANG_WARN_ENUM_CONVERSION = YES;
				CLANG_WARN_INFINITE_RECURSION = YES;
				CLANG_WARN_INT_CONVERSION = YES;
				CLANG_WARN_NON_LITERAL_NULL_CONVERSION = YES;
				CLANG_WARN_OBJC_IMPLICIT_RETAIN_SELF = YES;
				CLANG_WARN_OBJC_LITERAL_CONVERSION = YES;
				CLANG_WARN_OBJC_ROOT_CLASS = YES_ERROR;
				CLANG_WARN_QUOTED_INCLUDE_IN_FRAMEWORK_HEADER = YES;
				CLANG_WARN_RANGE_LOOP_ANALYSIS = YES;
				CLANG_WARN_STRICT_PROTOTYPES = YES;
				CLANG_WARN_SUSPICIOUS_MOVE = YES;
				CLANG_WARN_UNGUARDED_AVAILABILITY = YES_AGGRESSIVE;
				CLANG_WARN_UNREACHABLE_CODE = YES;
				CLANG_WARN__DUPLICATE_METHOD_MATCH = YES;
				COPY_PHASE_STRIP = NO;
				CURRENT_PROJECT_VERSION = 1;
				DEBUG_INFORMATION_FORMAT = "dwarf-with-dsym";
				ENABLE_NS_ASSERTIONS = NO;
				ENABLE_STRICT_OBJC_MSGSEND = YES;
				GCC_C_LANGUAGE_STANDARD = gnu11;
				GCC_NO_COMMON_BLOCKS = YES;
				GCC_WARN_64_TO_32_BIT_CONVERSION = YES;
				GCC_WARN_ABOUT_RETURN_TYPE = YES_ERROR;
				GCC_WARN_UNDECLARED_SELECTOR = YES;
				GCC_WARN_UNINITIALIZED_AUTOS = YES_AGGRESSIVE;
				GCC_WARN_UNUSED_FUNCTION = YES;
				GCC_WARN_UNUSED_VARIABLE = YES;
				IPHONEOS_DEPLOYMENT_TARGET = 14.1;
				MTL_ENABLE_DEBUG_INFO = NO;
				MTL_FAST_MATH = YES;
				SDKROOT = iphoneos;
				VALIDATE_PRODUCT = YES;
				VERSIONING_SYSTEM = "apple-generic";
				VERSION_INFO_PREFIX = "";
			};
			name = Release;
		};
/* End XCBuildConfiguration section */

/* Begin XCConfigurationList section */
		3521865826582331002FAE2C /* Build configuration list for PBXNativeTarget "ROServer" */ = {
			isa = XCConfigurationList;
			buildConfigurations = (
				3521865626582331002FAE2C /* Debug */,
				3521865726582331002FAE2C /* Release */,
			);
			defaultConfigurationIsVisible = 0;
			defaultConfigurationName = Release;
		};
		35FD0B87264E765C00BB0968 /* Build configuration list for PBXProject "ROServer" */ = {
			isa = XCConfigurationList;
			buildConfigurations = (
				35FD0B93264E765C00BB0968 /* Debug */,
				35FD0B94264E765C00BB0968 /* Release */,
			);
			defaultConfigurationIsVisible = 0;
			defaultConfigurationName = Release;
		};
/* End XCConfigurationList section */
	};
	rootObject = 35FD0B84264E765C00BB0968 /* Project object */;
}
